
Microsoft Visual Studio Solution File, Format Version 12.00
# Visual Studio 15
VisualStudioVersion = 15.0.28307.1525
MinimumVisualStudioVersion = 10.0.40219.1
Project("{8BC9CEB8-8B4A-11D0-8D11-00A0C91BC942}") = "ALL_BUILD", "ALL_BUILD.vcxproj", "{7F59AD05-4C85-3ECA-8081-76E1EFE3F190}"
EndProject
Project("{8BC9CEB8-8B4A-11D0-8D11-00A0C91BC942}") = "lib_hIK", "..\..\lib_hIK\platforms\windows\lib_hIK.vcxproj", "{4625B20B-A8C9-4319-8589-26B41E7B4D74}"
EndProject
Project("{8BC9CEB8-8B4A-11D0-8D11-00A0C91BC942}") = "bvh_posture_reset", "demos\bvh_posture_reset\bvh_posture_reset.vcxproj", "{59B91858-A9FC-4395-AA5C-92F3A3C55C4B}"
EndProject
Project("{8BC9CEB8-8B4A-11D0-8D11-00A0C91BC942}") = "bvh_compatible_verify", "demos\bvh_compatible_verify\bvh_compatible_verify.vcxproj", "{F3D33898-7EAE-4210-8E62-75C9697FB004}"
EndProject
Project("{8BC9CEB8-8B4A-11D0-8D11-00A0C91BC942}") = "bvh_posture_reset_file", "demos\bvh_posture_reset_file\bvh_posture_reset_file.vcxproj", "{30366F8C-26E1-43CE-8FB2-D7A7AF640022}"
EndProject
Project("{8BC9CEB8-8B4A-11D0-8D11-00A0C91BC942}") = "bvh_htr_conv_file", "demos\bvh_htr_conv_file\bvh_htr_conv_file.vcxproj", "{D8EED27A-1782-4C7F-851C-A3B28B477FFB}"
EndProject
Global
	GlobalSection(SolutionConfigurationPlatforms) = preSolution
		Debug|x64 = Debug|x64
		Debug|x86 = Debug|x86
		DebugGame_Editor|x64 = DebugGame_Editor|x64
		DebugGame_Editor|x86 = DebugGame_Editor|x86
		DebugGame|x64 = DebugGame|x64
		DebugGame|x86 = DebugGame|x86
		Development_Editor|x64 = Development_Editor|x64
		Development_Editor|x86 = Development_Editor|x86
		Development|x64 = Development|x64
		Development|x86 = Development|x86
		MinSizeRel|x64 = MinSizeRel|x64
		MinSizeRel|x86 = MinSizeRel|x86
		Release|x64 = Release|x64
		Release|x86 = Release|x86
		RelWithDebInfo|x64 = RelWithDebInfo|x64
		RelWithDebInfo|x86 = RelWithDebInfo|x86
		Shipping|x64 = Shipping|x64
		Shipping|x86 = Shipping|x86
	EndGlobalSection
	GlobalSection(ProjectConfigurationPlatforms) = postSolution
		{7F59AD05-4C85-3ECA-8081-76E1EFE3F190}.Debug|x64.ActiveCfg = Debug|x64
		{7F59AD05-4C85-3ECA-8081-76E1EFE3F190}.Debug|x64.Build.0 = Debug|x64
		{7F59AD05-4C85-3ECA-8081-76E1EFE3F190}.Debug|x86.ActiveCfg = Debug|x64
		{7F59AD05-4C85-3ECA-8081-76E1EFE3F190}.DebugGame_Editor|x64.ActiveCfg = Debug|x64
		{7F59AD05-4C85-3ECA-8081-76E1EFE3F190}.DebugGame_Editor|x64.Build.0 = Debug|x64
		{7F59AD05-4C85-3ECA-8081-76E1EFE3F190}.DebugGame_Editor|x86.ActiveCfg = RelWithDebInfo|x64
		{7F59AD05-4C85-3ECA-8081-76E1EFE3F190}.DebugGame_Editor|x86.Build.0 = RelWithDebInfo|x64
		{7F59AD05-4C85-3ECA-8081-76E1EFE3F190}.DebugGame|x64.ActiveCfg = Debug|x64
		{7F59AD05-4C85-3ECA-8081-76E1EFE3F190}.DebugGame|x64.Build.0 = Debug|x64
		{7F59AD05-4C85-3ECA-8081-76E1EFE3F190}.DebugGame|x86.ActiveCfg = RelWithDebInfo|x64
		{7F59AD05-4C85-3ECA-8081-76E1EFE3F190}.DebugGame|x86.Build.0 = RelWithDebInfo|x64
		{7F59AD05-4C85-3ECA-8081-76E1EFE3F190}.Development_Editor|x64.ActiveCfg = Debug|x64
		{7F59AD05-4C85-3ECA-8081-76E1EFE3F190}.Development_Editor|x64.Build.0 = Debug|x64
		{7F59AD05-4C85-3ECA-8081-76E1EFE3F190}.Development_Editor|x86.ActiveCfg = RelWithDebInfo|x64
		{7F59AD05-4C85-3ECA-8081-76E1EFE3F190}.Development_Editor|x86.Build.0 = RelWithDebInfo|x64
		{7F59AD05-4C85-3ECA-8081-76E1EFE3F190}.Development|x64.ActiveCfg = Debug|x64
		{7F59AD05-4C85-3ECA-8081-76E1EFE3F190}.Development|x64.Build.0 = Debug|x64
		{7F59AD05-4C85-3ECA-8081-76E1EFE3F190}.Development|x86.ActiveCfg = RelWithDebInfo|x64
		{7F59AD05-4C85-3ECA-8081-76E1EFE3F190}.Development|x86.Build.0 = RelWithDebInfo|x64
		{7F59AD05-4C85-3ECA-8081-76E1EFE3F190}.MinSizeRel|x64.ActiveCfg = MinSizeRel|x64
		{7F59AD05-4C85-3ECA-8081-76E1EFE3F190}.MinSizeRel|x64.Build.0 = MinSizeRel|x64
		{7F59AD05-4C85-3ECA-8081-76E1EFE3F190}.MinSizeRel|x86.ActiveCfg = MinSizeRel|x64
		{7F59AD05-4C85-3ECA-8081-76E1EFE3F190}.Release|x64.ActiveCfg = Release|x64
		{7F59AD05-4C85-3ECA-8081-76E1EFE3F190}.Release|x64.Build.0 = Release|x64
		{7F59AD05-4C85-3ECA-8081-76E1EFE3F190}.Release|x86.ActiveCfg = Release|x64
		{7F59AD05-4C85-3ECA-8081-76E1EFE3F190}.RelWithDebInfo|x64.ActiveCfg = RelWithDebInfo|x64
		{7F59AD05-4C85-3ECA-8081-76E1EFE3F190}.RelWithDebInfo|x64.Build.0 = RelWithDebInfo|x64
		{7F59AD05-4C85-3ECA-8081-76E1EFE3F190}.RelWithDebInfo|x86.ActiveCfg = RelWithDebInfo|x64
		{7F59AD05-4C85-3ECA-8081-76E1EFE3F190}.Shipping|x64.ActiveCfg = RelWithDebInfo|x64
		{7F59AD05-4C85-3ECA-8081-76E1EFE3F190}.Shipping|x64.Build.0 = RelWithDebInfo|x64
		{7F59AD05-4C85-3ECA-8081-76E1EFE3F190}.Shipping|x86.ActiveCfg = RelWithDebInfo|x64
		{7F59AD05-4C85-3ECA-8081-76E1EFE3F190}.Shipping|x86.Build.0 = RelWithDebInfo|x64
		{4625B20B-A8C9-4319-8589-26B41E7B4D74}.Debug|x64.ActiveCfg = DebugGame_Editor|x64
		{4625B20B-A8C9-4319-8589-26B41E7B4D74}.Debug|x64.Build.0 = DebugGame_Editor|x64
		{4625B20B-A8C9-4319-8589-26B41E7B4D74}.Debug|x86.ActiveCfg = DebugGame|Win32
		{4625B20B-A8C9-4319-8589-26B41E7B4D74}.Debug|x86.Build.0 = DebugGame|Win32
		{4625B20B-A8C9-4319-8589-26B41E7B4D74}.DebugGame_Editor|x64.ActiveCfg = DebugGame_Editor|x64
		{4625B20B-A8C9-4319-8589-26B41E7B4D74}.DebugGame_Editor|x64.Build.0 = DebugGame_Editor|x64
		{4625B20B-A8C9-4319-8589-26B41E7B4D74}.DebugGame_Editor|x86.ActiveCfg = DebugGame_Editor|Win32
		{4625B20B-A8C9-4319-8589-26B41E7B4D74}.DebugGame_Editor|x86.Build.0 = DebugGame_Editor|Win32
		{4625B20B-A8C9-4319-8589-26B41E7B4D74}.DebugGame|x64.ActiveCfg = DebugGame|x64
		{4625B20B-A8C9-4319-8589-26B41E7B4D74}.DebugGame|x64.Build.0 = DebugGame|x64
		{4625B20B-A8C9-4319-8589-26B41E7B4D74}.DebugGame|x86.ActiveCfg = DebugGame|Win32
		{4625B20B-A8C9-4319-8589-26B41E7B4D74}.DebugGame|x86.Build.0 = DebugGame|Win32
		{4625B20B-A8C9-4319-8589-26B41E7B4D74}.Development_Editor|x64.ActiveCfg = Development_Editor|x64
		{4625B20B-A8C9-4319-8589-26B41E7B4D74}.Development_Editor|x64.Build.0 = Development_Editor|x64
		{4625B20B-A8C9-4319-8589-26B41E7B4D74}.Development_Editor|x86.ActiveCfg = Development_Editor|Win32
		{4625B20B-A8C9-4319-8589-26B41E7B4D74}.Development_Editor|x86.Build.0 = Development_Editor|Win32
		{4625B20B-A8C9-4319-8589-26B41E7B4D74}.Development|x64.ActiveCfg = Development|x64
		{4625B20B-A8C9-4319-8589-26B41E7B4D74}.Development|x64.Build.0 = Development|x64
		{4625B20B-A8C9-4319-8589-26B41E7B4D74}.Development|x86.ActiveCfg = Development|Win32
		{4625B20B-A8C9-4319-8589-26B41E7B4D74}.Development|x86.Build.0 = Development|Win32
		{4625B20B-A8C9-4319-8589-26B41E7B4D74}.MinSizeRel|x64.ActiveCfg = Development|x64
		{4625B20B-A8C9-4319-8589-26B41E7B4D74}.MinSizeRel|x64.Build.0 = Development|x64
		{4625B20B-A8C9-4319-8589-26B41E7B4D74}.MinSizeRel|x86.ActiveCfg = Development|Win32
		{4625B20B-A8C9-4319-8589-26B41E7B4D74}.MinSizeRel|x86.Build.0 = Development|Win32
		{4625B20B-A8C9-4319-8589-26B41E7B4D74}.Release|x64.ActiveCfg = Shipping|x64
		{4625B20B-A8C9-4319-8589-26B41E7B4D74}.Release|x64.Build.0 = Shipping|x64
		{4625B20B-A8C9-4319-8589-26B41E7B4D74}.Release|x86.ActiveCfg = Development|Win32
		{4625B20B-A8C9-4319-8589-26B41E7B4D74}.Release|x86.Build.0 = Development|Win32
		{4625B20B-A8C9-4319-8589-26B41E7B4D74}.RelWithDebInfo|x64.ActiveCfg = Development|x64
		{4625B20B-A8C9-4319-8589-26B41E7B4D74}.RelWithDebInfo|x64.Build.0 = Development|x64
		{4625B20B-A8C9-4319-8589-26B41E7B4D74}.RelWithDebInfo|x86.ActiveCfg = Development|Win32
		{4625B20B-A8C9-4319-8589-26B41E7B4D74}.RelWithDebInfo|x86.Build.0 = Development|Win32
		{4625B20B-A8C9-4319-8589-26B41E7B4D74}.Shipping|x64.ActiveCfg = Shipping|x64
		{4625B20B-A8C9-4319-8589-26B41E7B4D74}.Shipping|x64.Build.0 = Shipping|x64
		{4625B20B-A8C9-4319-8589-26B41E7B4D74}.Shipping|x86.ActiveCfg = Shipping|Win32
		{4625B20B-A8C9-4319-8589-26B41E7B4D74}.Shipping|x86.Build.0 = Shipping|Win32
		{59B91858-A9FC-4395-AA5C-92F3A3C55C4B}.Debug|x64.ActiveCfg = Debug|x64
		{59B91858-A9FC-4395-AA5C-92F3A3C55C4B}.Debug|x64.Build.0 = Debug|x64
		{59B91858-A9FC-4395-AA5C-92F3A3C55C4B}.Debug|x86.ActiveCfg = Debug|Win32
		{59B91858-A9FC-4395-AA5C-92F3A3C55C4B}.Debug|x86.Build.0 = Debug|Win32
		{59B91858-A9FC-4395-AA5C-92F3A3C55C4B}.DebugGame_Editor|x64.ActiveCfg = Debug|x64
		{59B91858-A9FC-4395-AA5C-92F3A3C55C4B}.DebugGame_Editor|x64.Build.0 = Debug|x64
		{59B91858-A9FC-4395-AA5C-92F3A3C55C4B}.DebugGame_Editor|x86.ActiveCfg = Debug|Win32
		{59B91858-A9FC-4395-AA5C-92F3A3C55C4B}.DebugGame_Editor|x86.Build.0 = Debug|Win32
		{59B91858-A9FC-4395-AA5C-92F3A3C55C4B}.DebugGame|x64.ActiveCfg = Debug|x64
		{59B91858-A9FC-4395-AA5C-92F3A3C55C4B}.DebugGame|x64.Build.0 = Debug|x64
		{59B91858-A9FC-4395-AA5C-92F3A3C55C4B}.DebugGame|x86.ActiveCfg = Debug|Win32
		{59B91858-A9FC-4395-AA5C-92F3A3C55C4B}.DebugGame|x86.Build.0 = Debug|Win32
		{59B91858-A9FC-4395-AA5C-92F3A3C55C4B}.Development_Editor|x64.ActiveCfg = Debug|x64
		{59B91858-A9FC-4395-AA5C-92F3A3C55C4B}.Development_Editor|x64.Build.0 = Debug|x64
		{59B91858-A9FC-4395-AA5C-92F3A3C55C4B}.Development_Editor|x86.ActiveCfg = Debug|Win32
		{59B91858-A9FC-4395-AA5C-92F3A3C55C4B}.Development_Editor|x86.Build.0 = Debug|Win32
		{59B91858-A9FC-4395-AA5C-92F3A3C55C4B}.Development|x64.ActiveCfg = Debug|x64
		{59B91858-A9FC-4395-AA5C-92F3A3C55C4B}.Development|x64.Build.0 = Debug|x64
		{59B91858-A9FC-4395-AA5C-92F3A3C55C4B}.Development|x86.ActiveCfg = Debug|Win32
		{59B91858-A9FC-4395-AA5C-92F3A3C55C4B}.Development|x86.Build.0 = Debug|Win32
		{59B91858-A9FC-4395-AA5C-92F3A3C55C4B}.MinSizeRel|x64.ActiveCfg = Release|x64
		{59B91858-A9FC-4395-AA5C-92F3A3C55C4B}.MinSizeRel|x64.Build.0 = Release|x64
		{59B91858-A9FC-4395-AA5C-92F3A3C55C4B}.MinSizeRel|x86.ActiveCfg = Release|Win32
		{59B91858-A9FC-4395-AA5C-92F3A3C55C4B}.MinSizeRel|x86.Build.0 = Release|Win32
		{59B91858-A9FC-4395-AA5C-92F3A3C55C4B}.Release|x64.ActiveCfg = Release|x64
		{59B91858-A9FC-4395-AA5C-92F3A3C55C4B}.Release|x64.Build.0 = Release|x64
		{59B91858-A9FC-4395-AA5C-92F3A3C55C4B}.Release|x86.ActiveCfg = Release|Win32
		{59B91858-A9FC-4395-AA5C-92F3A3C55C4B}.Release|x86.Build.0 = Release|Win32
		{59B91858-A9FC-4395-AA5C-92F3A3C55C4B}.RelWithDebInfo|x64.ActiveCfg = Release|x64
		{59B91858-A9FC-4395-AA5C-92F3A3C55C4B}.RelWithDebInfo|x64.Build.0 = Release|x64
		{59B91858-A9FC-4395-AA5C-92F3A3C55C4B}.RelWithDebInfo|x86.ActiveCfg = Release|Win32
		{59B91858-A9FC-4395-AA5C-92F3A3C55C4B}.RelWithDebInfo|x86.Build.0 = Release|Win32
		{59B91858-A9FC-4395-AA5C-92F3A3C55C4B}.Shipping|x64.ActiveCfg = Release|x64
		{59B91858-A9FC-4395-AA5C-92F3A3C55C4B}.Shipping|x64.Build.0 = Release|x64
		{59B91858-A9FC-4395-AA5C-92F3A3C55C4B}.Shipping|x86.ActiveCfg = Release|Win32
		{59B91858-A9FC-4395-AA5C-92F3A3C55C4B}.Shipping|x86.Build.0 = Release|Win32
		{F3D33898-7EAE-4210-8E62-75C9697FB004}.Debug|x64.ActiveCfg = Debug|x64
		{F3D33898-7EAE-4210-8E62-75C9697FB004}.Debug|x64.Build.0 = Debug|x64
		{F3D33898-7EAE-4210-8E62-75C9697FB004}.Debug|x86.ActiveCfg = Debug|x64
		{F3D33898-7EAE-4210-8E62-75C9697FB004}.DebugGame_Editor|x64.ActiveCfg = Debug|x64
		{F3D33898-7EAE-4210-8E62-75C9697FB004}.DebugGame_Editor|x64.Build.0 = Debug|x64
		{F3D33898-7EAE-4210-8E62-75C9697FB004}.DebugGame_Editor|x86.ActiveCfg = Debug|Win32
		{F3D33898-7EAE-4210-8E62-75C9697FB004}.DebugGame_Editor|x86.Build.0 = Debug|Win32
		{F3D33898-7EAE-4210-8E62-75C9697FB004}.DebugGame|x64.ActiveCfg = Debug|x64
		{F3D33898-7EAE-4210-8E62-75C9697FB004}.DebugGame|x64.Build.0 = Debug|x64
		{F3D33898-7EAE-4210-8E62-75C9697FB004}.DebugGame|x86.ActiveCfg = Debug|Win32
		{F3D33898-7EAE-4210-8E62-75C9697FB004}.DebugGame|x86.Build.0 = Debug|Win32
		{F3D33898-7EAE-4210-8E62-75C9697FB004}.Development_Editor|x64.ActiveCfg = Debug|x64
		{F3D33898-7EAE-4210-8E62-75C9697FB004}.Development_Editor|x64.Build.0 = Debug|x64
		{F3D33898-7EAE-4210-8E62-75C9697FB004}.Development_Editor|x86.ActiveCfg = Debug|Win32
		{F3D33898-7EAE-4210-8E62-75C9697FB004}.Development_Editor|x86.Build.0 = Debug|Win32
		{F3D33898-7EAE-4210-8E62-75C9697FB004}.Development|x64.ActiveCfg = Debug|x64
		{F3D33898-7EAE-4210-8E62-75C9697FB004}.Development|x64.Build.0 = Debug|x64
		{F3D33898-7EAE-4210-8E62-75C9697FB004}.Development|x86.ActiveCfg = Debug|Win32
		{F3D33898-7EAE-4210-8E62-75C9697FB004}.Development|x86.Build.0 = Debug|Win32
		{F3D33898-7EAE-4210-8E62-75C9697FB004}.MinSizeRel|x64.ActiveCfg = Debug|x64
		{F3D33898-7EAE-4210-8E62-75C9697FB004}.MinSizeRel|x64.Build.0 = Debug|x64
		{F3D33898-7EAE-4210-8E62-75C9697FB004}.MinSizeRel|x86.ActiveCfg = Release|Win32
		{F3D33898-7EAE-4210-8E62-75C9697FB004}.MinSizeRel|x86.Build.0 = Release|Win32
		{F3D33898-7EAE-4210-8E62-75C9697FB004}.Release|x64.ActiveCfg = Release|x64
		{F3D33898-7EAE-4210-8E62-75C9697FB004}.Release|x64.Build.0 = Release|x64
		{F3D33898-7EAE-4210-8E62-75C9697FB004}.Release|x86.ActiveCfg = Release|x64
		{F3D33898-7EAE-4210-8E62-75C9697FB004}.RelWithDebInfo|x64.ActiveCfg = Release|x64
		{F3D33898-7EAE-4210-8E62-75C9697FB004}.RelWithDebInfo|x64.Build.0 = Release|x64
		{F3D33898-7EAE-4210-8E62-75C9697FB004}.RelWithDebInfo|x86.ActiveCfg = Release|Win32
		{F3D33898-7EAE-4210-8E62-75C9697FB004}.RelWithDebInfo|x86.Build.0 = Release|Win32
		{F3D33898-7EAE-4210-8E62-75C9697FB004}.Shipping|x64.ActiveCfg = Release|x64
		{F3D33898-7EAE-4210-8E62-75C9697FB004}.Shipping|x64.Build.0 = Release|x64
		{F3D33898-7EAE-4210-8E62-75C9697FB004}.Shipping|x86.ActiveCfg = Release|Win32
		{F3D33898-7EAE-4210-8E62-75C9697FB004}.Shipping|x86.Build.0 = Release|Win32
		{30366F8C-26E1-43CE-8FB2-D7A7AF640022}.Debug|x64.ActiveCfg = Debug|x64
		{30366F8C-26E1-43CE-8FB2-D7A7AF640022}.Debug|x64.Build.0 = Debug|x64
		{30366F8C-26E1-43CE-8FB2-D7A7AF640022}.Debug|x86.ActiveCfg = Debug|Win32
		{30366F8C-26E1-43CE-8FB2-D7A7AF640022}.Debug|x86.Build.0 = Debug|Win32
		{30366F8C-26E1-43CE-8FB2-D7A7AF640022}.DebugGame_Editor|x64.ActiveCfg = Debug|x64
		{30366F8C-26E1-43CE-8FB2-D7A7AF640022}.DebugGame_Editor|x64.Build.0 = Debug|x64
		{30366F8C-26E1-43CE-8FB2-D7A7AF640022}.DebugGame_Editor|x86.ActiveCfg = Debug|Win32
		{30366F8C-26E1-43CE-8FB2-D7A7AF640022}.DebugGame_Editor|x86.Build.0 = Debug|Win32
		{30366F8C-26E1-43CE-8FB2-D7A7AF640022}.DebugGame|x64.ActiveCfg = Debug|x64
		{30366F8C-26E1-43CE-8FB2-D7A7AF640022}.DebugGame|x64.Build.0 = Debug|x64
		{30366F8C-26E1-43CE-8FB2-D7A7AF640022}.DebugGame|x86.ActiveCfg = Debug|Win32
		{30366F8C-26E1-43CE-8FB2-D7A7AF640022}.DebugGame|x86.Build.0 = Debug|Win32
		{30366F8C-26E1-43CE-8FB2-D7A7AF640022}.Development_Editor|x64.ActiveCfg = Debug|x64
		{30366F8C-26E1-43CE-8FB2-D7A7AF640022}.Development_Editor|x64.Build.0 = Debug|x64
		{30366F8C-26E1-43CE-8FB2-D7A7AF640022}.Development_Editor|x86.ActiveCfg = Debug|Win32
		{30366F8C-26E1-43CE-8FB2-D7A7AF640022}.Development_Editor|x86.Build.0 = Debug|Win32
		{30366F8C-26E1-43CE-8FB2-D7A7AF640022}.Development|x64.ActiveCfg = Debug|x64
		{30366F8C-26E1-43CE-8FB2-D7A7AF640022}.Development|x64.Build.0 = Debug|x64
		{30366F8C-26E1-43CE-8FB2-D7A7AF640022}.Development|x86.ActiveCfg = Debug|Win32
		{30366F8C-26E1-43CE-8FB2-D7A7AF640022}.Development|x86.Build.0 = Debug|Win32
		{30366F8C-26E1-43CE-8FB2-D7A7AF640022}.MinSizeRel|x64.ActiveCfg = Release|x64
		{30366F8C-26E1-43CE-8FB2-D7A7AF640022}.MinSizeRel|x64.Build.0 = Release|x64
		{30366F8C-26E1-43CE-8FB2-D7A7AF640022}.MinSizeRel|x86.ActiveCfg = Release|Win32
		{30366F8C-26E1-43CE-8FB2-D7A7AF640022}.MinSizeRel|x86.Build.0 = Release|Win32
		{30366F8C-26E1-43CE-8FB2-D7A7AF640022}.Release|x64.ActiveCfg = Release|x64
		{30366F8C-26E1-43CE-8FB2-D7A7AF640022}.Release|x64.Build.0 = Release|x64
		{30366F8C-26E1-43CE-8FB2-D7A7AF640022}.Release|x86.ActiveCfg = Release|Win32
		{30366F8C-26E1-43CE-8FB2-D7A7AF640022}.Release|x86.Build.0 = Release|Win32
		{30366F8C-26E1-43CE-8FB2-D7A7AF640022}.RelWithDebInfo|x64.ActiveCfg = Release|x64
		{30366F8C-26E1-43CE-8FB2-D7A7AF640022}.RelWithDebInfo|x64.Build.0 = Release|x64
		{30366F8C-26E1-43CE-8FB2-D7A7AF640022}.RelWithDebInfo|x86.ActiveCfg = Release|Win32
		{30366F8C-26E1-43CE-8FB2-D7A7AF640022}.RelWithDebInfo|x86.Build.0 = Release|Win32
		{30366F8C-26E1-43CE-8FB2-D7A7AF640022}.Shipping|x64.ActiveCfg = Release|x64
		{30366F8C-26E1-43CE-8FB2-D7A7AF640022}.Shipping|x64.Build.0 = Release|x64
		{30366F8C-26E1-43CE-8FB2-D7A7AF640022}.Shipping|x86.ActiveCfg = Release|Win32
		{30366F8C-26E1-43CE-8FB2-D7A7AF640022}.Shipping|x86.Build.0 = Release|Win32
		{D8EED27A-1782-4C7F-851C-A3B28B477FFB}.Debug|x64.ActiveCfg = Debug|x64
		{D8EED27A-1782-4C7F-851C-A3B28B477FFB}.Debug|x64.Build.0 = Debug|x64
		{D8EED27A-1782-4C7F-851C-A3B28B477FFB}.Debug|x86.ActiveCfg = Debug|Win32
		{D8EED27A-1782-4C7F-851C-A3B28B477FFB}.Debug|x86.Build.0 = Debug|Win32
		{D8EED27A-1782-4C7F-851C-A3B28B477FFB}.DebugGame_Editor|x64.ActiveCfg = Debug|x64
		{D8EED27A-1782-4C7F-851C-A3B28B477FFB}.DebugGame_Editor|x64.Build.0 = Debug|x64
		{D8EED27A-1782-4C7F-851C-A3B28B477FFB}.DebugGame_Editor|x86.ActiveCfg = Debug|Win32
		{D8EED27A-1782-4C7F-851C-A3B28B477FFB}.DebugGame_Editor|x86.Build.0 = Debug|Win32
		{D8EED27A-1782-4C7F-851C-A3B28B477FFB}.DebugGame|x64.ActiveCfg = Debug|x64
		{D8EED27A-1782-4C7F-851C-A3B28B477FFB}.DebugGame|x64.Build.0 = Debug|x64
		{D8EED27A-1782-4C7F-851C-A3B28B477FFB}.DebugGame|x86.ActiveCfg = Debug|Win32
		{D8EED27A-1782-4C7F-851C-A3B28B477FFB}.DebugGame|x86.Build.0 = Debug|Win32
		{D8EED27A-1782-4C7F-851C-A3B28B477FFB}.Development_Editor|x64.ActiveCfg = Debug|x64
		{D8EED27A-1782-4C7F-851C-A3B28B477FFB}.Development_Editor|x64.Build.0 = Debug|x64
		{D8EED27A-1782-4C7F-851C-A3B28B477FFB}.Development_Editor|x86.ActiveCfg = Debug|Win32
		{D8EED27A-1782-4C7F-851C-A3B28B477FFB}.Development_Editor|x86.Build.0 = Debug|Win32
		{D8EED27A-1782-4C7F-851C-A3B28B477FFB}.Development|x64.ActiveCfg = Debug|x64
		{D8EED27A-1782-4C7F-851C-A3B28B477FFB}.Development|x64.Build.0 = Debug|x64
		{D8EED27A-1782-4C7F-851C-A3B28B477FFB}.Development|x86.ActiveCfg = Debug|Win32
		{D8EED27A-1782-4C7F-851C-A3B28B477FFB}.Development|x86.Build.0 = Debug|Win32
		{D8EED27A-1782-4C7F-851C-A3B28B477FFB}.MinSizeRel|x64.ActiveCfg = Debug|x64
		{D8EED27A-1782-4C7F-851C-A3B28B477FFB}.MinSizeRel|x64.Build.0 = Debug|x64
		{D8EED27A-1782-4C7F-851C-A3B28B477FFB}.MinSizeRel|x86.ActiveCfg = Release|Win32
		{D8EED27A-1782-4C7F-851C-A3B28B477FFB}.MinSizeRel|x86.Build.0 = Release|Win32
		{D8EED27A-1782-4C7F-851C-A3B28B477FFB}.Release|x64.ActiveCfg = Release|x64
		{D8EED27A-1782-4C7F-851C-A3B28B477FFB}.Release|x64.Build.0 = Release|x64
		{D8EED27A-1782-4C7F-851C-A3B28B477FFB}.Release|x86.ActiveCfg = Release|Win32
		{D8EED27A-1782-4C7F-851C-A3B28B477FFB}.Release|x86.Build.0 = Release|Win32
		{D8EED27A-1782-4C7F-851C-A3B28B477FFB}.RelWithDebInfo|x64.ActiveCfg = Release|x64
		{D8EED27A-1782-4C7F-851C-A3B28B477FFB}.RelWithDebInfo|x64.Build.0 = Release|x64
		{D8EED27A-1782-4C7F-851C-A3B28B477FFB}.RelWithDebInfo|x86.ActiveCfg = Release|Win32
		{D8EED27A-1782-4C7F-851C-A3B28B477FFB}.RelWithDebInfo|x86.Build.0 = Release|Win32
		{D8EED27A-1782-4C7F-851C-A3B28B477FFB}.Shipping|x64.ActiveCfg = Debug|x64
		{D8EED27A-1782-4C7F-851C-A3B28B477FFB}.Shipping|x64.Build.0 = Debug|x64
		{D8EED27A-1782-4C7F-851C-A3B28B477FFB}.Shipping|x86.ActiveCfg = Release|Win32
		{D8EED27A-1782-4C7F-851C-A3B28B477FFB}.Shipping|x86.Build.0 = Release|Win32
	EndGlobalSection
	GlobalSection(SolutionProperties) = preSolution
		HideSolutionNode = FALSE
	EndGlobalSection
	GlobalSection(ExtensibilityGlobals) = postSolution
		SolutionGuid = {79E7035F-7459-388D-9B89-21117B5CFB70}
	EndGlobalSection
EndGlobal
