
Microsoft Visual Studio Solution File, Format Version 12.00
# Visual Studio 15
VisualStudioVersion = 15.0.28307.1321
MinimumVisualStudioVersion = 10.0.40219.1
Project("{8BC9CEB8-8B4A-11D0-8D11-00A0C91BC942}") = "ALL_BUILD", "ALL_BUILD.vcxproj", "{9DB08F0E-8027-309E-9D5F-FA9BE1AD8592}"
	ProjectSection(ProjectDependencies) = postProject
		{08F6762D-360E-32EE-814A-DD3C468234DD} = {08F6762D-360E-32EE-814A-DD3C468234DD}
		{D8C23006-743E-3F06-804B-67CF9EAA643C} = {D8C23006-743E-3F06-804B-67CF9EAA643C}
		{C789912B-36B0-3B16-AD20-31B873AC2F3D} = {C789912B-36B0-3B16-AD20-31B873AC2F3D}
		{11623E6C-A938-3CE6-AC12-56E854635ED9} = {11623E6C-A938-3CE6-AC12-56E854635ED9}
		{F713C500-4124-3714-A505-EEE4398377DC} = {F713C500-4124-3714-A505-EEE4398377DC}
	EndProjectSection
EndProject
Project("{8BC9CEB8-8B4A-11D0-8D11-00A0C91BC942}") = "INSTALL", "INSTALL.vcxproj", "{195C50BA-D422-31B8-8F1A-61B401EF4C57}"
	ProjectSection(ProjectDependencies) = postProject
		{9DB08F0E-8027-309E-9D5F-FA9BE1AD8592} = {9DB08F0E-8027-309E-9D5F-FA9BE1AD8592}
		{08F6762D-360E-32EE-814A-DD3C468234DD} = {08F6762D-360E-32EE-814A-DD3C468234DD}
	EndProjectSection
EndProject
Project("{8BC9CEB8-8B4A-11D0-8D11-00A0C91BC942}") = "RUN_TESTS", "RUN_TESTS.vcxproj", "{E831BC2C-6C5B-3E65-A3A0-92037A814634}"
	ProjectSection(ProjectDependencies) = postProject
		{08F6762D-360E-32EE-814A-DD3C468234DD} = {08F6762D-360E-32EE-814A-DD3C468234DD}
	EndProjectSection
EndProject
Project("{8BC9CEB8-8B4A-11D0-8D11-00A0C91BC942}") = "ZERO_CHECK", "ZERO_CHECK.vcxproj", "{08F6762D-360E-32EE-814A-DD3C468234DD}"
EndProject
Project("{8BC9CEB8-8B4A-11D0-8D11-00A0C91BC942}") = "bvh11", "bvh11.vcxproj", "{D8C23006-743E-3F06-804B-67CF9EAA643C}"
	ProjectSection(ProjectDependencies) = postProject
		{08F6762D-360E-32EE-814A-DD3C468234DD} = {08F6762D-360E-32EE-814A-DD3C468234DD}
	EndProjectSection
EndProject
Project("{8BC9CEB8-8B4A-11D0-8D11-00A0C91BC942}") = "simple_demo", "demos\simple_demo\simple_demo.vcxproj", "{C789912B-36B0-3B16-AD20-31B873AC2F3D}"
	ProjectSection(ProjectDependencies) = postProject
		{08F6762D-360E-32EE-814A-DD3C468234DD} = {08F6762D-360E-32EE-814A-DD3C468234DD}
		{D8C23006-743E-3F06-804B-67CF9EAA643C} = {D8C23006-743E-3F06-804B-67CF9EAA643C}
	EndProjectSection
EndProject
Project("{8BC9CEB8-8B4A-11D0-8D11-00A0C91BC942}") = "three-dim-util", "external\three-dim-util\three-dim-util.vcxproj", "{11623E6C-A938-3CE6-AC12-56E854635ED9}"
	ProjectSection(ProjectDependencies) = postProject
		{08F6762D-360E-32EE-814A-DD3C468234DD} = {08F6762D-360E-32EE-814A-DD3C468234DD}
	EndProjectSection
EndProject
Project("{8BC9CEB8-8B4A-11D0-8D11-00A0C91BC942}") = "visual_demo", "demos\visual_demo\visual_demo.vcxproj", "{F713C500-4124-3714-A505-EEE4398377DC}"
	ProjectSection(ProjectDependencies) = postProject
		{08F6762D-360E-32EE-814A-DD3C468234DD} = {08F6762D-360E-32EE-814A-DD3C468234DD}
		{D8C23006-743E-3F06-804B-67CF9EAA643C} = {D8C23006-743E-3F06-804B-67CF9EAA643C}
		{11623E6C-A938-3CE6-AC12-56E854635ED9} = {11623E6C-A938-3CE6-AC12-56E854635ED9}
	EndProjectSection
EndProject
Project("{8BC9CEB8-8B4A-11D0-8D11-00A0C91BC942}") = "lib_hIK", "..\..\lib_hIK\platforms\windows\lib_hIK.vcxproj", "{4625B20B-A8C9-4319-8589-26B41E7B4D74}"
EndProject
Global
	GlobalSection(SolutionConfigurationPlatforms) = preSolution
		Debug|x64 = Debug|x64
		Debug|x86 = Debug|x86
		DebugGame_Editor|x64 = DebugGame_Editor|x64
		DebugGame_Editor|x86 = DebugGame_Editor|x86
		DebugGame|x64 = DebugGame|x64
		DebugGame|x86 = DebugGame|x86
		Development_Editor|x64 = Development_Editor|x64
		Development_Editor|x86 = Development_Editor|x86
		Development|x64 = Development|x64
		Development|x86 = Development|x86
		MinSizeRel|x64 = MinSizeRel|x64
		MinSizeRel|x86 = MinSizeRel|x86
		Release|x64 = Release|x64
		Release|x86 = Release|x86
		RelWithDebInfo|x64 = RelWithDebInfo|x64
		RelWithDebInfo|x86 = RelWithDebInfo|x86
		Shipping|x64 = Shipping|x64
		Shipping|x86 = Shipping|x86
	EndGlobalSection
	GlobalSection(ProjectConfigurationPlatforms) = postSolution
		{9DB08F0E-8027-309E-9D5F-FA9BE1AD8592}.Debug|x64.ActiveCfg = Debug|x64
		{9DB08F0E-8027-309E-9D5F-FA9BE1AD8592}.Debug|x64.Build.0 = Debug|x64
		{9DB08F0E-8027-309E-9D5F-FA9BE1AD8592}.Debug|x86.ActiveCfg = Debug|x64
		{9DB08F0E-8027-309E-9D5F-FA9BE1AD8592}.DebugGame_Editor|x64.ActiveCfg = Debug|x64
		{9DB08F0E-8027-309E-9D5F-FA9BE1AD8592}.DebugGame_Editor|x64.Build.0 = Debug|x64
		{9DB08F0E-8027-309E-9D5F-FA9BE1AD8592}.DebugGame_Editor|x86.ActiveCfg = RelWithDebInfo|x64
		{9DB08F0E-8027-309E-9D5F-FA9BE1AD8592}.DebugGame_Editor|x86.Build.0 = RelWithDebInfo|x64
		{9DB08F0E-8027-309E-9D5F-FA9BE1AD8592}.DebugGame|x64.ActiveCfg = Debug|x64
		{9DB08F0E-8027-309E-9D5F-FA9BE1AD8592}.DebugGame|x64.Build.0 = Debug|x64
		{9DB08F0E-8027-309E-9D5F-FA9BE1AD8592}.DebugGame|x86.ActiveCfg = RelWithDebInfo|x64
		{9DB08F0E-8027-309E-9D5F-FA9BE1AD8592}.DebugGame|x86.Build.0 = RelWithDebInfo|x64
		{9DB08F0E-8027-309E-9D5F-FA9BE1AD8592}.Development_Editor|x64.ActiveCfg = Debug|x64
		{9DB08F0E-8027-309E-9D5F-FA9BE1AD8592}.Development_Editor|x64.Build.0 = Debug|x64
		{9DB08F0E-8027-309E-9D5F-FA9BE1AD8592}.Development_Editor|x86.ActiveCfg = RelWithDebInfo|x64
		{9DB08F0E-8027-309E-9D5F-FA9BE1AD8592}.Development_Editor|x86.Build.0 = RelWithDebInfo|x64
		{9DB08F0E-8027-309E-9D5F-FA9BE1AD8592}.Development|x64.ActiveCfg = Debug|x64
		{9DB08F0E-8027-309E-9D5F-FA9BE1AD8592}.Development|x64.Build.0 = Debug|x64
		{9DB08F0E-8027-309E-9D5F-FA9BE1AD8592}.Development|x86.ActiveCfg = RelWithDebInfo|x64
		{9DB08F0E-8027-309E-9D5F-FA9BE1AD8592}.Development|x86.Build.0 = RelWithDebInfo|x64
		{9DB08F0E-8027-309E-9D5F-FA9BE1AD8592}.MinSizeRel|x64.ActiveCfg = MinSizeRel|x64
		{9DB08F0E-8027-309E-9D5F-FA9BE1AD8592}.MinSizeRel|x64.Build.0 = MinSizeRel|x64
		{9DB08F0E-8027-309E-9D5F-FA9BE1AD8592}.MinSizeRel|x86.ActiveCfg = MinSizeRel|x64
		{9DB08F0E-8027-309E-9D5F-FA9BE1AD8592}.Release|x64.ActiveCfg = Release|x64
		{9DB08F0E-8027-309E-9D5F-FA9BE1AD8592}.Release|x64.Build.0 = Release|x64
		{9DB08F0E-8027-309E-9D5F-FA9BE1AD8592}.Release|x86.ActiveCfg = Release|x64
		{9DB08F0E-8027-309E-9D5F-FA9BE1AD8592}.RelWithDebInfo|x64.ActiveCfg = RelWithDebInfo|x64
		{9DB08F0E-8027-309E-9D5F-FA9BE1AD8592}.RelWithDebInfo|x64.Build.0 = RelWithDebInfo|x64
		{9DB08F0E-8027-309E-9D5F-FA9BE1AD8592}.RelWithDebInfo|x86.ActiveCfg = RelWithDebInfo|x64
		{9DB08F0E-8027-309E-9D5F-FA9BE1AD8592}.Shipping|x64.ActiveCfg = RelWithDebInfo|x64
		{9DB08F0E-8027-309E-9D5F-FA9BE1AD8592}.Shipping|x64.Build.0 = RelWithDebInfo|x64
		{9DB08F0E-8027-309E-9D5F-FA9BE1AD8592}.Shipping|x86.ActiveCfg = RelWithDebInfo|x64
		{9DB08F0E-8027-309E-9D5F-FA9BE1AD8592}.Shipping|x86.Build.0 = RelWithDebInfo|x64
		{195C50BA-D422-31B8-8F1A-61B401EF4C57}.Debug|x64.ActiveCfg = Debug|x64
		{195C50BA-D422-31B8-8F1A-61B401EF4C57}.Debug|x86.ActiveCfg = Debug|x64
		{195C50BA-D422-31B8-8F1A-61B401EF4C57}.DebugGame_Editor|x64.ActiveCfg = Debug|x64
		{195C50BA-D422-31B8-8F1A-61B401EF4C57}.DebugGame_Editor|x64.Build.0 = Debug|x64
		{195C50BA-D422-31B8-8F1A-61B401EF4C57}.DebugGame_Editor|x86.ActiveCfg = RelWithDebInfo|x64
		{195C50BA-D422-31B8-8F1A-61B401EF4C57}.DebugGame_Editor|x86.Build.0 = RelWithDebInfo|x64
		{195C50BA-D422-31B8-8F1A-61B401EF4C57}.DebugGame|x64.ActiveCfg = Debug|x64
		{195C50BA-D422-31B8-8F1A-61B401EF4C57}.DebugGame|x64.Build.0 = Debug|x64
		{195C50BA-D422-31B8-8F1A-61B401EF4C57}.DebugGame|x86.ActiveCfg = RelWithDebInfo|x64
		{195C50BA-D422-31B8-8F1A-61B401EF4C57}.DebugGame|x86.Build.0 = RelWithDebInfo|x64
		{195C50BA-D422-31B8-8F1A-61B401EF4C57}.Development_Editor|x64.ActiveCfg = Debug|x64
		{195C50BA-D422-31B8-8F1A-61B401EF4C57}.Development_Editor|x64.Build.0 = Debug|x64
		{195C50BA-D422-31B8-8F1A-61B401EF4C57}.Development_Editor|x86.ActiveCfg = RelWithDebInfo|x64
		{195C50BA-D422-31B8-8F1A-61B401EF4C57}.Development_Editor|x86.Build.0 = RelWithDebInfo|x64
		{195C50BA-D422-31B8-8F1A-61B401EF4C57}.Development|x64.ActiveCfg = Debug|x64
		{195C50BA-D422-31B8-8F1A-61B401EF4C57}.Development|x64.Build.0 = Debug|x64
		{195C50BA-D422-31B8-8F1A-61B401EF4C57}.Development|x86.ActiveCfg = RelWithDebInfo|x64
		{195C50BA-D422-31B8-8F1A-61B401EF4C57}.Development|x86.Build.0 = RelWithDebInfo|x64
		{195C50BA-D422-31B8-8F1A-61B401EF4C57}.MinSizeRel|x64.ActiveCfg = MinSizeRel|x64
		{195C50BA-D422-31B8-8F1A-61B401EF4C57}.MinSizeRel|x86.ActiveCfg = MinSizeRel|x64
		{195C50BA-D422-31B8-8F1A-61B401EF4C57}.Release|x64.ActiveCfg = Release|x64
		{195C50BA-D422-31B8-8F1A-61B401EF4C57}.Release|x86.ActiveCfg = Release|x64
		{195C50BA-D422-31B8-8F1A-61B401EF4C57}.RelWithDebInfo|x64.ActiveCfg = RelWithDebInfo|x64
		{195C50BA-D422-31B8-8F1A-61B401EF4C57}.RelWithDebInfo|x86.ActiveCfg = RelWithDebInfo|x64
		{195C50BA-D422-31B8-8F1A-61B401EF4C57}.Shipping|x64.ActiveCfg = RelWithDebInfo|x64
		{195C50BA-D422-31B8-8F1A-61B401EF4C57}.Shipping|x64.Build.0 = RelWithDebInfo|x64
		{195C50BA-D422-31B8-8F1A-61B401EF4C57}.Shipping|x86.ActiveCfg = RelWithDebInfo|x64
		{195C50BA-D422-31B8-8F1A-61B401EF4C57}.Shipping|x86.Build.0 = RelWithDebInfo|x64
		{E831BC2C-6C5B-3E65-A3A0-92037A814634}.Debug|x64.ActiveCfg = Debug|x64
		{E831BC2C-6C5B-3E65-A3A0-92037A814634}.Debug|x86.ActiveCfg = Debug|x64
		{E831BC2C-6C5B-3E65-A3A0-92037A814634}.DebugGame_Editor|x64.ActiveCfg = Debug|x64
		{E831BC2C-6C5B-3E65-A3A0-92037A814634}.DebugGame_Editor|x64.Build.0 = Debug|x64
		{E831BC2C-6C5B-3E65-A3A0-92037A814634}.DebugGame_Editor|x86.ActiveCfg = RelWithDebInfo|x64
		{E831BC2C-6C5B-3E65-A3A0-92037A814634}.DebugGame_Editor|x86.Build.0 = RelWithDebInfo|x64
		{E831BC2C-6C5B-3E65-A3A0-92037A814634}.DebugGame|x64.ActiveCfg = Debug|x64
		{E831BC2C-6C5B-3E65-A3A0-92037A814634}.DebugGame|x64.Build.0 = Debug|x64
		{E831BC2C-6C5B-3E65-A3A0-92037A814634}.DebugGame|x86.ActiveCfg = RelWithDebInfo|x64
		{E831BC2C-6C5B-3E65-A3A0-92037A814634}.DebugGame|x86.Build.0 = RelWithDebInfo|x64
		{E831BC2C-6C5B-3E65-A3A0-92037A814634}.Development_Editor|x64.ActiveCfg = Debug|x64
		{E831BC2C-6C5B-3E65-A3A0-92037A814634}.Development_Editor|x64.Build.0 = Debug|x64
		{E831BC2C-6C5B-3E65-A3A0-92037A814634}.Development_Editor|x86.ActiveCfg = RelWithDebInfo|x64
		{E831BC2C-6C5B-3E65-A3A0-92037A814634}.Development_Editor|x86.Build.0 = RelWithDebInfo|x64
		{E831BC2C-6C5B-3E65-A3A0-92037A814634}.Development|x64.ActiveCfg = Debug|x64
		{E831BC2C-6C5B-3E65-A3A0-92037A814634}.Development|x64.Build.0 = Debug|x64
		{E831BC2C-6C5B-3E65-A3A0-92037A814634}.Development|x86.ActiveCfg = RelWithDebInfo|x64
		{E831BC2C-6C5B-3E65-A3A0-92037A814634}.Development|x86.Build.0 = RelWithDebInfo|x64
		{E831BC2C-6C5B-3E65-A3A0-92037A814634}.MinSizeRel|x64.ActiveCfg = MinSizeRel|x64
		{E831BC2C-6C5B-3E65-A3A0-92037A814634}.MinSizeRel|x86.ActiveCfg = MinSizeRel|x64
		{E831BC2C-6C5B-3E65-A3A0-92037A814634}.Release|x64.ActiveCfg = Release|x64
		{E831BC2C-6C5B-3E65-A3A0-92037A814634}.Release|x86.ActiveCfg = Release|x64
		{E831BC2C-6C5B-3E65-A3A0-92037A814634}.RelWithDebInfo|x64.ActiveCfg = RelWithDebInfo|x64
		{E831BC2C-6C5B-3E65-A3A0-92037A814634}.RelWithDebInfo|x86.ActiveCfg = RelWithDebInfo|x64
		{E831BC2C-6C5B-3E65-A3A0-92037A814634}.Shipping|x64.ActiveCfg = RelWithDebInfo|x64
		{E831BC2C-6C5B-3E65-A3A0-92037A814634}.Shipping|x64.Build.0 = RelWithDebInfo|x64
		{E831BC2C-6C5B-3E65-A3A0-92037A814634}.Shipping|x86.ActiveCfg = RelWithDebInfo|x64
		{E831BC2C-6C5B-3E65-A3A0-92037A814634}.Shipping|x86.Build.0 = RelWithDebInfo|x64
		{08F6762D-360E-32EE-814A-DD3C468234DD}.Debug|x64.ActiveCfg = Debug|x64
		{08F6762D-360E-32EE-814A-DD3C468234DD}.Debug|x64.Build.0 = Debug|x64
		{08F6762D-360E-32EE-814A-DD3C468234DD}.Debug|x86.ActiveCfg = Debug|x64
		{08F6762D-360E-32EE-814A-DD3C468234DD}.DebugGame_Editor|x64.ActiveCfg = Debug|x64
		{08F6762D-360E-32EE-814A-DD3C468234DD}.DebugGame_Editor|x64.Build.0 = Debug|x64
		{08F6762D-360E-32EE-814A-DD3C468234DD}.DebugGame_Editor|x86.ActiveCfg = RelWithDebInfo|x64
		{08F6762D-360E-32EE-814A-DD3C468234DD}.DebugGame_Editor|x86.Build.0 = RelWithDebInfo|x64
		{08F6762D-360E-32EE-814A-DD3C468234DD}.DebugGame|x64.ActiveCfg = Debug|x64
		{08F6762D-360E-32EE-814A-DD3C468234DD}.DebugGame|x64.Build.0 = Debug|x64
		{08F6762D-360E-32EE-814A-DD3C468234DD}.DebugGame|x86.ActiveCfg = RelWithDebInfo|x64
		{08F6762D-360E-32EE-814A-DD3C468234DD}.DebugGame|x86.Build.0 = RelWithDebInfo|x64
		{08F6762D-360E-32EE-814A-DD3C468234DD}.Development_Editor|x64.ActiveCfg = Debug|x64
		{08F6762D-360E-32EE-814A-DD3C468234DD}.Development_Editor|x64.Build.0 = Debug|x64
		{08F6762D-360E-32EE-814A-DD3C468234DD}.Development_Editor|x86.ActiveCfg = RelWithDebInfo|x64
		{08F6762D-360E-32EE-814A-DD3C468234DD}.Development_Editor|x86.Build.0 = RelWithDebInfo|x64
		{08F6762D-360E-32EE-814A-DD3C468234DD}.Development|x64.ActiveCfg = Debug|x64
		{08F6762D-360E-32EE-814A-DD3C468234DD}.Development|x64.Build.0 = Debug|x64
		{08F6762D-360E-32EE-814A-DD3C468234DD}.Development|x86.ActiveCfg = RelWithDebInfo|x64
		{08F6762D-360E-32EE-814A-DD3C468234DD}.Development|x86.Build.0 = RelWithDebInfo|x64
		{08F6762D-360E-32EE-814A-DD3C468234DD}.MinSizeRel|x64.ActiveCfg = MinSizeRel|x64
		{08F6762D-360E-32EE-814A-DD3C468234DD}.MinSizeRel|x64.Build.0 = MinSizeRel|x64
		{08F6762D-360E-32EE-814A-DD3C468234DD}.MinSizeRel|x86.ActiveCfg = MinSizeRel|x64
		{08F6762D-360E-32EE-814A-DD3C468234DD}.Release|x64.ActiveCfg = Release|x64
		{08F6762D-360E-32EE-814A-DD3C468234DD}.Release|x64.Build.0 = Release|x64
		{08F6762D-360E-32EE-814A-DD3C468234DD}.Release|x86.ActiveCfg = Release|x64
		{08F6762D-360E-32EE-814A-DD3C468234DD}.RelWithDebInfo|x64.ActiveCfg = RelWithDebInfo|x64
		{08F6762D-360E-32EE-814A-DD3C468234DD}.RelWithDebInfo|x64.Build.0 = RelWithDebInfo|x64
		{08F6762D-360E-32EE-814A-DD3C468234DD}.RelWithDebInfo|x86.ActiveCfg = RelWithDebInfo|x64
		{08F6762D-360E-32EE-814A-DD3C468234DD}.Shipping|x64.ActiveCfg = RelWithDebInfo|x64
		{08F6762D-360E-32EE-814A-DD3C468234DD}.Shipping|x64.Build.0 = RelWithDebInfo|x64
		{08F6762D-360E-32EE-814A-DD3C468234DD}.Shipping|x86.ActiveCfg = RelWithDebInfo|x64
		{08F6762D-360E-32EE-814A-DD3C468234DD}.Shipping|x86.Build.0 = RelWithDebInfo|x64
		{D8C23006-743E-3F06-804B-67CF9EAA643C}.Debug|x64.ActiveCfg = Debug|x64
		{D8C23006-743E-3F06-804B-67CF9EAA643C}.Debug|x64.Build.0 = Debug|x64
		{D8C23006-743E-3F06-804B-67CF9EAA643C}.Debug|x86.ActiveCfg = Debug|x64
		{D8C23006-743E-3F06-804B-67CF9EAA643C}.DebugGame_Editor|x64.ActiveCfg = Debug|x64
		{D8C23006-743E-3F06-804B-67CF9EAA643C}.DebugGame_Editor|x64.Build.0 = Debug|x64
		{D8C23006-743E-3F06-804B-67CF9EAA643C}.DebugGame_Editor|x86.ActiveCfg = RelWithDebInfo|x64
		{D8C23006-743E-3F06-804B-67CF9EAA643C}.DebugGame_Editor|x86.Build.0 = RelWithDebInfo|x64
		{D8C23006-743E-3F06-804B-67CF9EAA643C}.DebugGame|x64.ActiveCfg = Debug|x64
		{D8C23006-743E-3F06-804B-67CF9EAA643C}.DebugGame|x64.Build.0 = Debug|x64
		{D8C23006-743E-3F06-804B-67CF9EAA643C}.DebugGame|x86.ActiveCfg = RelWithDebInfo|x64
		{D8C23006-743E-3F06-804B-67CF9EAA643C}.DebugGame|x86.Build.0 = RelWithDebInfo|x64
		{D8C23006-743E-3F06-804B-67CF9EAA643C}.Development_Editor|x64.ActiveCfg = Debug|x64
		{D8C23006-743E-3F06-804B-67CF9EAA643C}.Development_Editor|x64.Build.0 = Debug|x64
		{D8C23006-743E-3F06-804B-67CF9EAA643C}.Development_Editor|x86.ActiveCfg = RelWithDebInfo|x64
		{D8C23006-743E-3F06-804B-67CF9EAA643C}.Development_Editor|x86.Build.0 = RelWithDebInfo|x64
		{D8C23006-743E-3F06-804B-67CF9EAA643C}.Development|x64.ActiveCfg = Debug|x64
		{D8C23006-743E-3F06-804B-67CF9EAA643C}.Development|x64.Build.0 = Debug|x64
		{D8C23006-743E-3F06-804B-67CF9EAA643C}.Development|x86.ActiveCfg = RelWithDebInfo|x64
		{D8C23006-743E-3F06-804B-67CF9EAA643C}.Development|x86.Build.0 = RelWithDebInfo|x64
		{D8C23006-743E-3F06-804B-67CF9EAA643C}.MinSizeRel|x64.ActiveCfg = MinSizeRel|x64
		{D8C23006-743E-3F06-804B-67CF9EAA643C}.MinSizeRel|x64.Build.0 = MinSizeRel|x64
		{D8C23006-743E-3F06-804B-67CF9EAA643C}.MinSizeRel|x86.ActiveCfg = MinSizeRel|x64
		{D8C23006-743E-3F06-804B-67CF9EAA643C}.Release|x64.ActiveCfg = Release|x64
		{D8C23006-743E-3F06-804B-67CF9EAA643C}.Release|x64.Build.0 = Release|x64
		{D8C23006-743E-3F06-804B-67CF9EAA643C}.Release|x86.ActiveCfg = Release|x64
		{D8C23006-743E-3F06-804B-67CF9EAA643C}.RelWithDebInfo|x64.ActiveCfg = RelWithDebInfo|x64
		{D8C23006-743E-3F06-804B-67CF9EAA643C}.RelWithDebInfo|x64.Build.0 = RelWithDebInfo|x64
		{D8C23006-743E-3F06-804B-67CF9EAA643C}.RelWithDebInfo|x86.ActiveCfg = RelWithDebInfo|x64
		{D8C23006-743E-3F06-804B-67CF9EAA643C}.Shipping|x64.ActiveCfg = RelWithDebInfo|x64
		{D8C23006-743E-3F06-804B-67CF9EAA643C}.Shipping|x64.Build.0 = RelWithDebInfo|x64
		{D8C23006-743E-3F06-804B-67CF9EAA643C}.Shipping|x86.ActiveCfg = RelWithDebInfo|x64
		{D8C23006-743E-3F06-804B-67CF9EAA643C}.Shipping|x86.Build.0 = RelWithDebInfo|x64
		{C789912B-36B0-3B16-AD20-31B873AC2F3D}.Debug|x64.ActiveCfg = Debug|x64
		{C789912B-36B0-3B16-AD20-31B873AC2F3D}.Debug|x64.Build.0 = Debug|x64
		{C789912B-36B0-3B16-AD20-31B873AC2F3D}.Debug|x86.ActiveCfg = Debug|x64
		{C789912B-36B0-3B16-AD20-31B873AC2F3D}.DebugGame_Editor|x64.ActiveCfg = Debug|x64
		{C789912B-36B0-3B16-AD20-31B873AC2F3D}.DebugGame_Editor|x64.Build.0 = Debug|x64
		{C789912B-36B0-3B16-AD20-31B873AC2F3D}.DebugGame_Editor|x86.ActiveCfg = RelWithDebInfo|x64
		{C789912B-36B0-3B16-AD20-31B873AC2F3D}.DebugGame_Editor|x86.Build.0 = RelWithDebInfo|x64
		{C789912B-36B0-3B16-AD20-31B873AC2F3D}.DebugGame|x64.ActiveCfg = Debug|x64
		{C789912B-36B0-3B16-AD20-31B873AC2F3D}.DebugGame|x64.Build.0 = Debug|x64
		{C789912B-36B0-3B16-AD20-31B873AC2F3D}.DebugGame|x86.ActiveCfg = RelWithDebInfo|x64
		{C789912B-36B0-3B16-AD20-31B873AC2F3D}.DebugGame|x86.Build.0 = RelWithDebInfo|x64
		{C789912B-36B0-3B16-AD20-31B873AC2F3D}.Development_Editor|x64.ActiveCfg = Debug|x64
		{C789912B-36B0-3B16-AD20-31B873AC2F3D}.Development_Editor|x64.Build.0 = Debug|x64
		{C789912B-36B0-3B16-AD20-31B873AC2F3D}.Development_Editor|x86.ActiveCfg = RelWithDebInfo|x64
		{C789912B-36B0-3B16-AD20-31B873AC2F3D}.Development_Editor|x86.Build.0 = RelWithDebInfo|x64
		{C789912B-36B0-3B16-AD20-31B873AC2F3D}.Development|x64.ActiveCfg = Debug|x64
		{C789912B-36B0-3B16-AD20-31B873AC2F3D}.Development|x64.Build.0 = Debug|x64
		{C789912B-36B0-3B16-AD20-31B873AC2F3D}.Development|x86.ActiveCfg = RelWithDebInfo|x64
		{C789912B-36B0-3B16-AD20-31B873AC2F3D}.Development|x86.Build.0 = RelWithDebInfo|x64
		{C789912B-36B0-3B16-AD20-31B873AC2F3D}.MinSizeRel|x64.ActiveCfg = MinSizeRel|x64
		{C789912B-36B0-3B16-AD20-31B873AC2F3D}.MinSizeRel|x64.Build.0 = MinSizeRel|x64
		{C789912B-36B0-3B16-AD20-31B873AC2F3D}.MinSizeRel|x86.ActiveCfg = MinSizeRel|x64
		{C789912B-36B0-3B16-AD20-31B873AC2F3D}.Release|x64.ActiveCfg = Release|x64
		{C789912B-36B0-3B16-AD20-31B873AC2F3D}.Release|x64.Build.0 = Release|x64
		{C789912B-36B0-3B16-AD20-31B873AC2F3D}.Release|x86.ActiveCfg = Release|x64
		{C789912B-36B0-3B16-AD20-31B873AC2F3D}.RelWithDebInfo|x64.ActiveCfg = RelWithDebInfo|x64
		{C789912B-36B0-3B16-AD20-31B873AC2F3D}.RelWithDebInfo|x64.Build.0 = RelWithDebInfo|x64
		{C789912B-36B0-3B16-AD20-31B873AC2F3D}.RelWithDebInfo|x86.ActiveCfg = RelWithDebInfo|x64
		{C789912B-36B0-3B16-AD20-31B873AC2F3D}.Shipping|x64.ActiveCfg = RelWithDebInfo|x64
		{C789912B-36B0-3B16-AD20-31B873AC2F3D}.Shipping|x64.Build.0 = RelWithDebInfo|x64
		{C789912B-36B0-3B16-AD20-31B873AC2F3D}.Shipping|x86.ActiveCfg = RelWithDebInfo|x64
		{C789912B-36B0-3B16-AD20-31B873AC2F3D}.Shipping|x86.Build.0 = RelWithDebInfo|x64
		{11623E6C-A938-3CE6-AC12-56E854635ED9}.Debug|x64.ActiveCfg = Debug|x64
		{11623E6C-A938-3CE6-AC12-56E854635ED9}.Debug|x64.Build.0 = Debug|x64
		{11623E6C-A938-3CE6-AC12-56E854635ED9}.Debug|x86.ActiveCfg = Debug|x64
		{11623E6C-A938-3CE6-AC12-56E854635ED9}.DebugGame_Editor|x64.ActiveCfg = Debug|x64
		{11623E6C-A938-3CE6-AC12-56E854635ED9}.DebugGame_Editor|x64.Build.0 = Debug|x64
		{11623E6C-A938-3CE6-AC12-56E854635ED9}.DebugGame_Editor|x86.ActiveCfg = RelWithDebInfo|x64
		{11623E6C-A938-3CE6-AC12-56E854635ED9}.DebugGame_Editor|x86.Build.0 = RelWithDebInfo|x64
		{11623E6C-A938-3CE6-AC12-56E854635ED9}.DebugGame|x64.ActiveCfg = Debug|x64
		{11623E6C-A938-3CE6-AC12-56E854635ED9}.DebugGame|x64.Build.0 = Debug|x64
		{11623E6C-A938-3CE6-AC12-56E854635ED9}.DebugGame|x86.ActiveCfg = RelWithDebInfo|x64
		{11623E6C-A938-3CE6-AC12-56E854635ED9}.DebugGame|x86.Build.0 = RelWithDebInfo|x64
		{11623E6C-A938-3CE6-AC12-56E854635ED9}.Development_Editor|x64.ActiveCfg = Debug|x64
		{11623E6C-A938-3CE6-AC12-56E854635ED9}.Development_Editor|x64.Build.0 = Debug|x64
		{11623E6C-A938-3CE6-AC12-56E854635ED9}.Development_Editor|x86.ActiveCfg = RelWithDebInfo|x64
		{11623E6C-A938-3CE6-AC12-56E854635ED9}.Development_Editor|x86.Build.0 = RelWithDebInfo|x64
		{11623E6C-A938-3CE6-AC12-56E854635ED9}.Development|x64.ActiveCfg = Debug|x64
		{11623E6C-A938-3CE6-AC12-56E854635ED9}.Development|x64.Build.0 = Debug|x64
		{11623E6C-A938-3CE6-AC12-56E854635ED9}.Development|x86.ActiveCfg = RelWithDebInfo|x64
		{11623E6C-A938-3CE6-AC12-56E854635ED9}.Development|x86.Build.0 = RelWithDebInfo|x64
		{11623E6C-A938-3CE6-AC12-56E854635ED9}.MinSizeRel|x64.ActiveCfg = MinSizeRel|x64
		{11623E6C-A938-3CE6-AC12-56E854635ED9}.MinSizeRel|x64.Build.0 = MinSizeRel|x64
		{11623E6C-A938-3CE6-AC12-56E854635ED9}.MinSizeRel|x86.ActiveCfg = MinSizeRel|x64
		{11623E6C-A938-3CE6-AC12-56E854635ED9}.Release|x64.ActiveCfg = Release|x64
		{11623E6C-A938-3CE6-AC12-56E854635ED9}.Release|x64.Build.0 = Release|x64
		{11623E6C-A938-3CE6-AC12-56E854635ED9}.Release|x86.ActiveCfg = Release|x64
		{11623E6C-A938-3CE6-AC12-56E854635ED9}.RelWithDebInfo|x64.ActiveCfg = RelWithDebInfo|x64
		{11623E6C-A938-3CE6-AC12-56E854635ED9}.RelWithDebInfo|x64.Build.0 = RelWithDebInfo|x64
		{11623E6C-A938-3CE6-AC12-56E854635ED9}.RelWithDebInfo|x86.ActiveCfg = RelWithDebInfo|x64
		{11623E6C-A938-3CE6-AC12-56E854635ED9}.Shipping|x64.ActiveCfg = RelWithDebInfo|x64
		{11623E6C-A938-3CE6-AC12-56E854635ED9}.Shipping|x64.Build.0 = RelWithDebInfo|x64
		{11623E6C-A938-3CE6-AC12-56E854635ED9}.Shipping|x86.ActiveCfg = RelWithDebInfo|x64
		{11623E6C-A938-3CE6-AC12-56E854635ED9}.Shipping|x86.Build.0 = RelWithDebInfo|x64
		{F713C500-4124-3714-A505-EEE4398377DC}.Debug|x64.ActiveCfg = Debug|x64
		{F713C500-4124-3714-A505-EEE4398377DC}.Debug|x64.Build.0 = Debug|x64
		{F713C500-4124-3714-A505-EEE4398377DC}.Debug|x86.ActiveCfg = Debug|x64
		{F713C500-4124-3714-A505-EEE4398377DC}.DebugGame_Editor|x64.ActiveCfg = Debug|x64
		{F713C500-4124-3714-A505-EEE4398377DC}.DebugGame_Editor|x64.Build.0 = Debug|x64
		{F713C500-4124-3714-A505-EEE4398377DC}.DebugGame_Editor|x86.ActiveCfg = RelWithDebInfo|x64
		{F713C500-4124-3714-A505-EEE4398377DC}.DebugGame_Editor|x86.Build.0 = RelWithDebInfo|x64
		{F713C500-4124-3714-A505-EEE4398377DC}.DebugGame|x64.ActiveCfg = Debug|x64
		{F713C500-4124-3714-A505-EEE4398377DC}.DebugGame|x64.Build.0 = Debug|x64
		{F713C500-4124-3714-A505-EEE4398377DC}.DebugGame|x86.ActiveCfg = RelWithDebInfo|x64
		{F713C500-4124-3714-A505-EEE4398377DC}.DebugGame|x86.Build.0 = RelWithDebInfo|x64
		{F713C500-4124-3714-A505-EEE4398377DC}.Development_Editor|x64.ActiveCfg = Debug|x64
		{F713C500-4124-3714-A505-EEE4398377DC}.Development_Editor|x64.Build.0 = Debug|x64
		{F713C500-4124-3714-A505-EEE4398377DC}.Development_Editor|x86.ActiveCfg = RelWithDebInfo|x64
		{F713C500-4124-3714-A505-EEE4398377DC}.Development_Editor|x86.Build.0 = RelWithDebInfo|x64
		{F713C500-4124-3714-A505-EEE4398377DC}.Development|x64.ActiveCfg = Debug|x64
		{F713C500-4124-3714-A505-EEE4398377DC}.Development|x64.Build.0 = Debug|x64
		{F713C500-4124-3714-A505-EEE4398377DC}.Development|x86.ActiveCfg = RelWithDebInfo|x64
		{F713C500-4124-3714-A505-EEE4398377DC}.Development|x86.Build.0 = RelWithDebInfo|x64
		{F713C500-4124-3714-A505-EEE4398377DC}.MinSizeRel|x64.ActiveCfg = MinSizeRel|x64
		{F713C500-4124-3714-A505-EEE4398377DC}.MinSizeRel|x64.Build.0 = MinSizeRel|x64
		{F713C500-4124-3714-A505-EEE4398377DC}.MinSizeRel|x86.ActiveCfg = MinSizeRel|x64
		{F713C500-4124-3714-A505-EEE4398377DC}.Release|x64.ActiveCfg = Release|x64
		{F713C500-4124-3714-A505-EEE4398377DC}.Release|x64.Build.0 = Release|x64
		{F713C500-4124-3714-A505-EEE4398377DC}.Release|x86.ActiveCfg = Release|x64
		{F713C500-4124-3714-A505-EEE4398377DC}.RelWithDebInfo|x64.ActiveCfg = RelWithDebInfo|x64
		{F713C500-4124-3714-A505-EEE4398377DC}.RelWithDebInfo|x64.Build.0 = RelWithDebInfo|x64
		{F713C500-4124-3714-A505-EEE4398377DC}.RelWithDebInfo|x86.ActiveCfg = RelWithDebInfo|x64
		{F713C500-4124-3714-A505-EEE4398377DC}.Shipping|x64.ActiveCfg = RelWithDebInfo|x64
		{F713C500-4124-3714-A505-EEE4398377DC}.Shipping|x64.Build.0 = RelWithDebInfo|x64
		{F713C500-4124-3714-A505-EEE4398377DC}.Shipping|x86.ActiveCfg = RelWithDebInfo|x64
		{F713C500-4124-3714-A505-EEE4398377DC}.Shipping|x86.Build.0 = RelWithDebInfo|x64
		{4625B20B-A8C9-4319-8589-26B41E7B4D74}.Debug|x64.ActiveCfg = DebugGame|x64
		{4625B20B-A8C9-4319-8589-26B41E7B4D74}.Debug|x64.Build.0 = DebugGame|x64
		{4625B20B-A8C9-4319-8589-26B41E7B4D74}.Debug|x86.ActiveCfg = DebugGame|Win32
		{4625B20B-A8C9-4319-8589-26B41E7B4D74}.Debug|x86.Build.0 = DebugGame|Win32
		{4625B20B-A8C9-4319-8589-26B41E7B4D74}.DebugGame_Editor|x64.ActiveCfg = DebugGame_Editor|x64
		{4625B20B-A8C9-4319-8589-26B41E7B4D74}.DebugGame_Editor|x64.Build.0 = DebugGame_Editor|x64
		{4625B20B-A8C9-4319-8589-26B41E7B4D74}.DebugGame_Editor|x86.ActiveCfg = DebugGame_Editor|Win32
		{4625B20B-A8C9-4319-8589-26B41E7B4D74}.DebugGame_Editor|x86.Build.0 = DebugGame_Editor|Win32
		{4625B20B-A8C9-4319-8589-26B41E7B4D74}.DebugGame|x64.ActiveCfg = DebugGame|x64
		{4625B20B-A8C9-4319-8589-26B41E7B4D74}.DebugGame|x64.Build.0 = DebugGame|x64
		{4625B20B-A8C9-4319-8589-26B41E7B4D74}.DebugGame|x86.ActiveCfg = DebugGame|Win32
		{4625B20B-A8C9-4319-8589-26B41E7B4D74}.DebugGame|x86.Build.0 = DebugGame|Win32
		{4625B20B-A8C9-4319-8589-26B41E7B4D74}.Development_Editor|x64.ActiveCfg = Development_Editor|x64
		{4625B20B-A8C9-4319-8589-26B41E7B4D74}.Development_Editor|x64.Build.0 = Development_Editor|x64
		{4625B20B-A8C9-4319-8589-26B41E7B4D74}.Development_Editor|x86.ActiveCfg = Development_Editor|Win32
		{4625B20B-A8C9-4319-8589-26B41E7B4D74}.Development_Editor|x86.Build.0 = Development_Editor|Win32
		{4625B20B-A8C9-4319-8589-26B41E7B4D74}.Development|x64.ActiveCfg = Development|x64
		{4625B20B-A8C9-4319-8589-26B41E7B4D74}.Development|x64.Build.0 = Development|x64
		{4625B20B-A8C9-4319-8589-26B41E7B4D74}.Development|x86.ActiveCfg = Development|Win32
		{4625B20B-A8C9-4319-8589-26B41E7B4D74}.Development|x86.Build.0 = Development|Win32
		{4625B20B-A8C9-4319-8589-26B41E7B4D74}.MinSizeRel|x64.ActiveCfg = Development|x64
		{4625B20B-A8C9-4319-8589-26B41E7B4D74}.MinSizeRel|x64.Build.0 = Development|x64
		{4625B20B-A8C9-4319-8589-26B41E7B4D74}.MinSizeRel|x86.ActiveCfg = Development|Win32
		{4625B20B-A8C9-4319-8589-26B41E7B4D74}.MinSizeRel|x86.Build.0 = Development|Win32
		{4625B20B-A8C9-4319-8589-26B41E7B4D74}.Release|x64.ActiveCfg = Development|x64
		{4625B20B-A8C9-4319-8589-26B41E7B4D74}.Release|x64.Build.0 = Development|x64
		{4625B20B-A8C9-4319-8589-26B41E7B4D74}.Release|x86.ActiveCfg = Development|Win32
		{4625B20B-A8C9-4319-8589-26B41E7B4D74}.Release|x86.Build.0 = Development|Win32
		{4625B20B-A8C9-4319-8589-26B41E7B4D74}.RelWithDebInfo|x64.ActiveCfg = Development|x64
		{4625B20B-A8C9-4319-8589-26B41E7B4D74}.RelWithDebInfo|x64.Build.0 = Development|x64
		{4625B20B-A8C9-4319-8589-26B41E7B4D74}.RelWithDebInfo|x86.ActiveCfg = Development|Win32
		{4625B20B-A8C9-4319-8589-26B41E7B4D74}.RelWithDebInfo|x86.Build.0 = Development|Win32
		{4625B20B-A8C9-4319-8589-26B41E7B4D74}.Shipping|x64.ActiveCfg = Shipping|x64
		{4625B20B-A8C9-4319-8589-26B41E7B4D74}.Shipping|x64.Build.0 = Shipping|x64
		{4625B20B-A8C9-4319-8589-26B41E7B4D74}.Shipping|x86.ActiveCfg = Shipping|Win32
		{4625B20B-A8C9-4319-8589-26B41E7B4D74}.Shipping|x86.Build.0 = Shipping|Win32
	EndGlobalSection
	GlobalSection(SolutionProperties) = preSolution
		HideSolutionNode = FALSE
	EndGlobalSection
	GlobalSection(ExtensibilityGlobals) = postSolution
		SolutionGuid = {EB1248C1-76E7-3357-833A-A43760A9E138}
	EndGlobalSection
EndGlobal
