
Microsoft Visual Studio Solution File, Format Version 12.00
# Visual Studio 15
VisualStudioVersion = 15.0.28307.1525
MinimumVisualStudioVersion = 10.0.40219.1
Project("{8BC9CEB8-8B4A-11D0-8D11-00A0C91BC942}") = "ALL_BUILD", "ALL_BUILD.vcxproj", "{43D9A0DE-7868-3B6B-B9AA-F512CCB9FF01}"
	ProjectSection(ProjectDependencies) = postProject
		{B302C6B0-4FA2-3B0A-B869-55295F31B046} = {B302C6B0-4FA2-3B0A-B869-55295F31B046}
		{A1E1D3E9-7B15-3249-979B-51401699D3D3} = {A1E1D3E9-7B15-3249-979B-51401699D3D3}
		{0022C298-A268-3C9E-B732-C1DE22BB1FA1} = {0022C298-A268-3C9E-B732-C1DE22BB1FA1}
		{296769C8-C648-3080-B991-8482C7665535} = {296769C8-C648-3080-B991-8482C7665535}
		{4C46654B-DAF2-3EBA-96FF-763BB53A659A} = {4C46654B-DAF2-3EBA-96FF-763BB53A659A}
	EndProjectSection
EndProject
Project("{8BC9CEB8-8B4A-11D0-8D11-00A0C91BC942}") = "INSTALL", "INSTALL.vcxproj", "{F9E800CD-CE15-33D2-B732-25EF43989D41}"
	ProjectSection(ProjectDependencies) = postProject
		{43D9A0DE-7868-3B6B-B9AA-F512CCB9FF01} = {43D9A0DE-7868-3B6B-B9AA-F512CCB9FF01}
		{B302C6B0-4FA2-3B0A-B869-55295F31B046} = {B302C6B0-4FA2-3B0A-B869-55295F31B046}
	EndProjectSection
EndProject
Project("{8BC9CEB8-8B4A-11D0-8D11-00A0C91BC942}") = "RUN_TESTS", "RUN_TESTS.vcxproj", "{7108CEAB-8EF3-3B45-8472-E374700C23CB}"
	ProjectSection(ProjectDependencies) = postProject
		{B302C6B0-4FA2-3B0A-B869-55295F31B046} = {B302C6B0-4FA2-3B0A-B869-55295F31B046}
	EndProjectSection
EndProject
Project("{8BC9CEB8-8B4A-11D0-8D11-00A0C91BC942}") = "ZERO_CHECK", "ZERO_CHECK.vcxproj", "{B302C6B0-4FA2-3B0A-B869-55295F31B046}"
EndProject
Project("{8BC9CEB8-8B4A-11D0-8D11-00A0C91BC942}") = "bvh11", "bvh11.vcxproj", "{A1E1D3E9-7B15-3249-979B-51401699D3D3}"
	ProjectSection(ProjectDependencies) = postProject
		{B302C6B0-4FA2-3B0A-B869-55295F31B046} = {B302C6B0-4FA2-3B0A-B869-55295F31B046}
	EndProjectSection
EndProject
Project("{8BC9CEB8-8B4A-11D0-8D11-00A0C91BC942}") = "simple_demo", "demos\simple_demo\simple_demo.vcxproj", "{0022C298-A268-3C9E-B732-C1DE22BB1FA1}"
	ProjectSection(ProjectDependencies) = postProject
		{B302C6B0-4FA2-3B0A-B869-55295F31B046} = {B302C6B0-4FA2-3B0A-B869-55295F31B046}
		{A1E1D3E9-7B15-3249-979B-51401699D3D3} = {A1E1D3E9-7B15-3249-979B-51401699D3D3}
	EndProjectSection
EndProject
Project("{8BC9CEB8-8B4A-11D0-8D11-00A0C91BC942}") = "three-dim-util", "external\three-dim-util\three-dim-util.vcxproj", "{296769C8-C648-3080-B991-8482C7665535}"
	ProjectSection(ProjectDependencies) = postProject
		{B302C6B0-4FA2-3B0A-B869-55295F31B046} = {B302C6B0-4FA2-3B0A-B869-55295F31B046}
	EndProjectSection
EndProject
Project("{8BC9CEB8-8B4A-11D0-8D11-00A0C91BC942}") = "visual_demo", "demos\visual_demo\visual_demo.vcxproj", "{4C46654B-DAF2-3EBA-96FF-763BB53A659A}"
	ProjectSection(ProjectDependencies) = postProject
		{B302C6B0-4FA2-3B0A-B869-55295F31B046} = {B302C6B0-4FA2-3B0A-B869-55295F31B046}
		{A1E1D3E9-7B15-3249-979B-51401699D3D3} = {A1E1D3E9-7B15-3249-979B-51401699D3D3}
		{296769C8-C648-3080-B991-8482C7665535} = {296769C8-C648-3080-B991-8482C7665535}
	EndProjectSection
EndProject
Project("{8BC9CEB8-8B4A-11D0-8D11-00A0C91BC942}") = "lib_hIK", "..\..\lib_hIK\platforms\windows\lib_hIK.vcxproj", "{4625B20B-A8C9-4319-8589-26B41E7B4D74}"
EndProject
Global
	GlobalSection(SolutionConfigurationPlatforms) = preSolution
		Debug|x64 = Debug|x64
		Debug|x86 = Debug|x86
		DebugGame_Editor|x64 = DebugGame_Editor|x64
		DebugGame_Editor|x86 = DebugGame_Editor|x86
		DebugGame|x64 = DebugGame|x64
		DebugGame|x86 = DebugGame|x86
		Development_Editor|x64 = Development_Editor|x64
		Development_Editor|x86 = Development_Editor|x86
		Development|x64 = Development|x64
		Development|x86 = Development|x86
		MinSizeRel|x64 = MinSizeRel|x64
		MinSizeRel|x86 = MinSizeRel|x86
		Release|x64 = Release|x64
		Release|x86 = Release|x86
		RelWithDebInfo|x64 = RelWithDebInfo|x64
		RelWithDebInfo|x86 = RelWithDebInfo|x86
		Shipping|x64 = Shipping|x64
		Shipping|x86 = Shipping|x86
	EndGlobalSection
	GlobalSection(ProjectConfigurationPlatforms) = postSolution
		{43D9A0DE-7868-3B6B-B9AA-F512CCB9FF01}.Debug|x64.ActiveCfg = Debug|x64
		{43D9A0DE-7868-3B6B-B9AA-F512CCB9FF01}.Debug|x64.Build.0 = Debug|x64
		{43D9A0DE-7868-3B6B-B9AA-F512CCB9FF01}.Debug|x86.ActiveCfg = Debug|x64
		{43D9A0DE-7868-3B6B-B9AA-F512CCB9FF01}.DebugGame_Editor|x64.ActiveCfg = Debug|x64
		{43D9A0DE-7868-3B6B-B9AA-F512CCB9FF01}.DebugGame_Editor|x64.Build.0 = Debug|x64
		{43D9A0DE-7868-3B6B-B9AA-F512CCB9FF01}.DebugGame_Editor|x86.ActiveCfg = RelWithDebInfo|x64
		{43D9A0DE-7868-3B6B-B9AA-F512CCB9FF01}.DebugGame_Editor|x86.Build.0 = RelWithDebInfo|x64
		{43D9A0DE-7868-3B6B-B9AA-F512CCB9FF01}.DebugGame|x64.ActiveCfg = Debug|x64
		{43D9A0DE-7868-3B6B-B9AA-F512CCB9FF01}.DebugGame|x64.Build.0 = Debug|x64
		{43D9A0DE-7868-3B6B-B9AA-F512CCB9FF01}.DebugGame|x86.ActiveCfg = RelWithDebInfo|x64
		{43D9A0DE-7868-3B6B-B9AA-F512CCB9FF01}.DebugGame|x86.Build.0 = RelWithDebInfo|x64
		{43D9A0DE-7868-3B6B-B9AA-F512CCB9FF01}.Development_Editor|x64.ActiveCfg = Debug|x64
		{43D9A0DE-7868-3B6B-B9AA-F512CCB9FF01}.Development_Editor|x64.Build.0 = Debug|x64
		{43D9A0DE-7868-3B6B-B9AA-F512CCB9FF01}.Development_Editor|x86.ActiveCfg = RelWithDebInfo|x64
		{43D9A0DE-7868-3B6B-B9AA-F512CCB9FF01}.Development_Editor|x86.Build.0 = RelWithDebInfo|x64
		{43D9A0DE-7868-3B6B-B9AA-F512CCB9FF01}.Development|x64.ActiveCfg = Debug|x64
		{43D9A0DE-7868-3B6B-B9AA-F512CCB9FF01}.Development|x64.Build.0 = Debug|x64
		{43D9A0DE-7868-3B6B-B9AA-F512CCB9FF01}.Development|x86.ActiveCfg = RelWithDebInfo|x64
		{43D9A0DE-7868-3B6B-B9AA-F512CCB9FF01}.Development|x86.Build.0 = RelWithDebInfo|x64
		{43D9A0DE-7868-3B6B-B9AA-F512CCB9FF01}.MinSizeRel|x64.ActiveCfg = MinSizeRel|x64
		{43D9A0DE-7868-3B6B-B9AA-F512CCB9FF01}.MinSizeRel|x64.Build.0 = MinSizeRel|x64
		{43D9A0DE-7868-3B6B-B9AA-F512CCB9FF01}.MinSizeRel|x86.ActiveCfg = MinSizeRel|x64
		{43D9A0DE-7868-3B6B-B9AA-F512CCB9FF01}.Release|x64.ActiveCfg = Release|x64
		{43D9A0DE-7868-3B6B-B9AA-F512CCB9FF01}.Release|x64.Build.0 = Release|x64
		{43D9A0DE-7868-3B6B-B9AA-F512CCB9FF01}.Release|x86.ActiveCfg = Release|x64
		{43D9A0DE-7868-3B6B-B9AA-F512CCB9FF01}.RelWithDebInfo|x64.ActiveCfg = RelWithDebInfo|x64
		{43D9A0DE-7868-3B6B-B9AA-F512CCB9FF01}.RelWithDebInfo|x64.Build.0 = RelWithDebInfo|x64
		{43D9A0DE-7868-3B6B-B9AA-F512CCB9FF01}.RelWithDebInfo|x86.ActiveCfg = RelWithDebInfo|x64
		{43D9A0DE-7868-3B6B-B9AA-F512CCB9FF01}.Shipping|x64.ActiveCfg = RelWithDebInfo|x64
		{43D9A0DE-7868-3B6B-B9AA-F512CCB9FF01}.Shipping|x64.Build.0 = RelWithDebInfo|x64
		{43D9A0DE-7868-3B6B-B9AA-F512CCB9FF01}.Shipping|x86.ActiveCfg = RelWithDebInfo|x64
		{43D9A0DE-7868-3B6B-B9AA-F512CCB9FF01}.Shipping|x86.Build.0 = RelWithDebInfo|x64
		{F9E800CD-CE15-33D2-B732-25EF43989D41}.Debug|x64.ActiveCfg = Debug|x64
		{F9E800CD-CE15-33D2-B732-25EF43989D41}.Debug|x86.ActiveCfg = Debug|x64
		{F9E800CD-CE15-33D2-B732-25EF43989D41}.DebugGame_Editor|x64.ActiveCfg = Debug|x64
		{F9E800CD-CE15-33D2-B732-25EF43989D41}.DebugGame_Editor|x64.Build.0 = Debug|x64
		{F9E800CD-CE15-33D2-B732-25EF43989D41}.DebugGame_Editor|x86.ActiveCfg = RelWithDebInfo|x64
		{F9E800CD-CE15-33D2-B732-25EF43989D41}.DebugGame_Editor|x86.Build.0 = RelWithDebInfo|x64
		{F9E800CD-CE15-33D2-B732-25EF43989D41}.DebugGame|x64.ActiveCfg = Debug|x64
		{F9E800CD-CE15-33D2-B732-25EF43989D41}.DebugGame|x64.Build.0 = Debug|x64
		{F9E800CD-CE15-33D2-B732-25EF43989D41}.DebugGame|x86.ActiveCfg = RelWithDebInfo|x64
		{F9E800CD-CE15-33D2-B732-25EF43989D41}.DebugGame|x86.Build.0 = RelWithDebInfo|x64
		{F9E800CD-CE15-33D2-B732-25EF43989D41}.Development_Editor|x64.ActiveCfg = Debug|x64
		{F9E800CD-CE15-33D2-B732-25EF43989D41}.Development_Editor|x64.Build.0 = Debug|x64
		{F9E800CD-CE15-33D2-B732-25EF43989D41}.Development_Editor|x86.ActiveCfg = RelWithDebInfo|x64
		{F9E800CD-CE15-33D2-B732-25EF43989D41}.Development_Editor|x86.Build.0 = RelWithDebInfo|x64
		{F9E800CD-CE15-33D2-B732-25EF43989D41}.Development|x64.ActiveCfg = Debug|x64
		{F9E800CD-CE15-33D2-B732-25EF43989D41}.Development|x64.Build.0 = Debug|x64
		{F9E800CD-CE15-33D2-B732-25EF43989D41}.Development|x86.ActiveCfg = RelWithDebInfo|x64
		{F9E800CD-CE15-33D2-B732-25EF43989D41}.Development|x86.Build.0 = RelWithDebInfo|x64
		{F9E800CD-CE15-33D2-B732-25EF43989D41}.MinSizeRel|x64.ActiveCfg = MinSizeRel|x64
		{F9E800CD-CE15-33D2-B732-25EF43989D41}.MinSizeRel|x86.ActiveCfg = MinSizeRel|x64
		{F9E800CD-CE15-33D2-B732-25EF43989D41}.Release|x64.ActiveCfg = Release|x64
		{F9E800CD-CE15-33D2-B732-25EF43989D41}.Release|x86.ActiveCfg = Release|x64
		{F9E800CD-CE15-33D2-B732-25EF43989D41}.RelWithDebInfo|x64.ActiveCfg = RelWithDebInfo|x64
		{F9E800CD-CE15-33D2-B732-25EF43989D41}.RelWithDebInfo|x86.ActiveCfg = RelWithDebInfo|x64
		{F9E800CD-CE15-33D2-B732-25EF43989D41}.Shipping|x64.ActiveCfg = RelWithDebInfo|x64
		{F9E800CD-CE15-33D2-B732-25EF43989D41}.Shipping|x64.Build.0 = RelWithDebInfo|x64
		{F9E800CD-CE15-33D2-B732-25EF43989D41}.Shipping|x86.ActiveCfg = RelWithDebInfo|x64
		{F9E800CD-CE15-33D2-B732-25EF43989D41}.Shipping|x86.Build.0 = RelWithDebInfo|x64
		{7108CEAB-8EF3-3B45-8472-E374700C23CB}.Debug|x64.ActiveCfg = Debug|x64
		{7108CEAB-8EF3-3B45-8472-E374700C23CB}.Debug|x86.ActiveCfg = Debug|x64
		{7108CEAB-8EF3-3B45-8472-E374700C23CB}.DebugGame_Editor|x64.ActiveCfg = Debug|x64
		{7108CEAB-8EF3-3B45-8472-E374700C23CB}.DebugGame_Editor|x64.Build.0 = Debug|x64
		{7108CEAB-8EF3-3B45-8472-E374700C23CB}.DebugGame_Editor|x86.ActiveCfg = RelWithDebInfo|x64
		{7108CEAB-8EF3-3B45-8472-E374700C23CB}.DebugGame_Editor|x86.Build.0 = RelWithDebInfo|x64
		{7108CEAB-8EF3-3B45-8472-E374700C23CB}.DebugGame|x64.ActiveCfg = Debug|x64
		{7108CEAB-8EF3-3B45-8472-E374700C23CB}.DebugGame|x64.Build.0 = Debug|x64
		{7108CEAB-8EF3-3B45-8472-E374700C23CB}.DebugGame|x86.ActiveCfg = RelWithDebInfo|x64
		{7108CEAB-8EF3-3B45-8472-E374700C23CB}.DebugGame|x86.Build.0 = RelWithDebInfo|x64
		{7108CEAB-8EF3-3B45-8472-E374700C23CB}.Development_Editor|x64.ActiveCfg = Debug|x64
		{7108CEAB-8EF3-3B45-8472-E374700C23CB}.Development_Editor|x64.Build.0 = Debug|x64
		{7108CEAB-8EF3-3B45-8472-E374700C23CB}.Development_Editor|x86.ActiveCfg = RelWithDebInfo|x64
		{7108CEAB-8EF3-3B45-8472-E374700C23CB}.Development_Editor|x86.Build.0 = RelWithDebInfo|x64
		{7108CEAB-8EF3-3B45-8472-E374700C23CB}.Development|x64.ActiveCfg = Debug|x64
		{7108CEAB-8EF3-3B45-8472-E374700C23CB}.Development|x64.Build.0 = Debug|x64
		{7108CEAB-8EF3-3B45-8472-E374700C23CB}.Development|x86.ActiveCfg = RelWithDebInfo|x64
		{7108CEAB-8EF3-3B45-8472-E374700C23CB}.Development|x86.Build.0 = RelWithDebInfo|x64
		{7108CEAB-8EF3-3B45-8472-E374700C23CB}.MinSizeRel|x64.ActiveCfg = MinSizeRel|x64
		{7108CEAB-8EF3-3B45-8472-E374700C23CB}.MinSizeRel|x86.ActiveCfg = MinSizeRel|x64
		{7108CEAB-8EF3-3B45-8472-E374700C23CB}.Release|x64.ActiveCfg = Release|x64
		{7108CEAB-8EF3-3B45-8472-E374700C23CB}.Release|x86.ActiveCfg = Release|x64
		{7108CEAB-8EF3-3B45-8472-E374700C23CB}.RelWithDebInfo|x64.ActiveCfg = RelWithDebInfo|x64
		{7108CEAB-8EF3-3B45-8472-E374700C23CB}.RelWithDebInfo|x86.ActiveCfg = RelWithDebInfo|x64
		{7108CEAB-8EF3-3B45-8472-E374700C23CB}.Shipping|x64.ActiveCfg = RelWithDebInfo|x64
		{7108CEAB-8EF3-3B45-8472-E374700C23CB}.Shipping|x64.Build.0 = RelWithDebInfo|x64
		{7108CEAB-8EF3-3B45-8472-E374700C23CB}.Shipping|x86.ActiveCfg = RelWithDebInfo|x64
		{7108CEAB-8EF3-3B45-8472-E374700C23CB}.Shipping|x86.Build.0 = RelWithDebInfo|x64
		{B302C6B0-4FA2-3B0A-B869-55295F31B046}.Debug|x64.ActiveCfg = Debug|x64
		{B302C6B0-4FA2-3B0A-B869-55295F31B046}.Debug|x64.Build.0 = Debug|x64
		{B302C6B0-4FA2-3B0A-B869-55295F31B046}.Debug|x86.ActiveCfg = Debug|x64
		{B302C6B0-4FA2-3B0A-B869-55295F31B046}.DebugGame_Editor|x64.ActiveCfg = Debug|x64
		{B302C6B0-4FA2-3B0A-B869-55295F31B046}.DebugGame_Editor|x64.Build.0 = Debug|x64
		{B302C6B0-4FA2-3B0A-B869-55295F31B046}.DebugGame_Editor|x86.ActiveCfg = RelWithDebInfo|x64
		{B302C6B0-4FA2-3B0A-B869-55295F31B046}.DebugGame_Editor|x86.Build.0 = RelWithDebInfo|x64
		{B302C6B0-4FA2-3B0A-B869-55295F31B046}.DebugGame|x64.ActiveCfg = Debug|x64
		{B302C6B0-4FA2-3B0A-B869-55295F31B046}.DebugGame|x64.Build.0 = Debug|x64
		{B302C6B0-4FA2-3B0A-B869-55295F31B046}.DebugGame|x86.ActiveCfg = RelWithDebInfo|x64
		{B302C6B0-4FA2-3B0A-B869-55295F31B046}.DebugGame|x86.Build.0 = RelWithDebInfo|x64
		{B302C6B0-4FA2-3B0A-B869-55295F31B046}.Development_Editor|x64.ActiveCfg = Debug|x64
		{B302C6B0-4FA2-3B0A-B869-55295F31B046}.Development_Editor|x64.Build.0 = Debug|x64
		{B302C6B0-4FA2-3B0A-B869-55295F31B046}.Development_Editor|x86.ActiveCfg = RelWithDebInfo|x64
		{B302C6B0-4FA2-3B0A-B869-55295F31B046}.Development_Editor|x86.Build.0 = RelWithDebInfo|x64
		{B302C6B0-4FA2-3B0A-B869-55295F31B046}.Development|x64.ActiveCfg = Debug|x64
		{B302C6B0-4FA2-3B0A-B869-55295F31B046}.Development|x64.Build.0 = Debug|x64
		{B302C6B0-4FA2-3B0A-B869-55295F31B046}.Development|x86.ActiveCfg = RelWithDebInfo|x64
		{B302C6B0-4FA2-3B0A-B869-55295F31B046}.Development|x86.Build.0 = RelWithDebInfo|x64
		{B302C6B0-4FA2-3B0A-B869-55295F31B046}.MinSizeRel|x64.ActiveCfg = MinSizeRel|x64
		{B302C6B0-4FA2-3B0A-B869-55295F31B046}.MinSizeRel|x64.Build.0 = MinSizeRel|x64
		{B302C6B0-4FA2-3B0A-B869-55295F31B046}.MinSizeRel|x86.ActiveCfg = MinSizeRel|x64
		{B302C6B0-4FA2-3B0A-B869-55295F31B046}.Release|x64.ActiveCfg = Release|x64
		{B302C6B0-4FA2-3B0A-B869-55295F31B046}.Release|x64.Build.0 = Release|x64
		{B302C6B0-4FA2-3B0A-B869-55295F31B046}.Release|x86.ActiveCfg = Release|x64
		{B302C6B0-4FA2-3B0A-B869-55295F31B046}.RelWithDebInfo|x64.ActiveCfg = RelWithDebInfo|x64
		{B302C6B0-4FA2-3B0A-B869-55295F31B046}.RelWithDebInfo|x64.Build.0 = RelWithDebInfo|x64
		{B302C6B0-4FA2-3B0A-B869-55295F31B046}.RelWithDebInfo|x86.ActiveCfg = RelWithDebInfo|x64
		{B302C6B0-4FA2-3B0A-B869-55295F31B046}.Shipping|x64.ActiveCfg = RelWithDebInfo|x64
		{B302C6B0-4FA2-3B0A-B869-55295F31B046}.Shipping|x64.Build.0 = RelWithDebInfo|x64
		{B302C6B0-4FA2-3B0A-B869-55295F31B046}.Shipping|x86.ActiveCfg = RelWithDebInfo|x64
		{B302C6B0-4FA2-3B0A-B869-55295F31B046}.Shipping|x86.Build.0 = RelWithDebInfo|x64
		{A1E1D3E9-7B15-3249-979B-51401699D3D3}.Debug|x64.ActiveCfg = Debug|x64
		{A1E1D3E9-7B15-3249-979B-51401699D3D3}.Debug|x64.Build.0 = Debug|x64
		{A1E1D3E9-7B15-3249-979B-51401699D3D3}.Debug|x86.ActiveCfg = Debug|x64
		{A1E1D3E9-7B15-3249-979B-51401699D3D3}.DebugGame_Editor|x64.ActiveCfg = Debug|x64
		{A1E1D3E9-7B15-3249-979B-51401699D3D3}.DebugGame_Editor|x64.Build.0 = Debug|x64
		{A1E1D3E9-7B15-3249-979B-51401699D3D3}.DebugGame_Editor|x86.ActiveCfg = RelWithDebInfo|x64
		{A1E1D3E9-7B15-3249-979B-51401699D3D3}.DebugGame_Editor|x86.Build.0 = RelWithDebInfo|x64
		{A1E1D3E9-7B15-3249-979B-51401699D3D3}.DebugGame|x64.ActiveCfg = Debug|x64
		{A1E1D3E9-7B15-3249-979B-51401699D3D3}.DebugGame|x64.Build.0 = Debug|x64
		{A1E1D3E9-7B15-3249-979B-51401699D3D3}.DebugGame|x86.ActiveCfg = RelWithDebInfo|x64
		{A1E1D3E9-7B15-3249-979B-51401699D3D3}.DebugGame|x86.Build.0 = RelWithDebInfo|x64
		{A1E1D3E9-7B15-3249-979B-51401699D3D3}.Development_Editor|x64.ActiveCfg = Debug|x64
		{A1E1D3E9-7B15-3249-979B-51401699D3D3}.Development_Editor|x64.Build.0 = Debug|x64
		{A1E1D3E9-7B15-3249-979B-51401699D3D3}.Development_Editor|x86.ActiveCfg = RelWithDebInfo|x64
		{A1E1D3E9-7B15-3249-979B-51401699D3D3}.Development_Editor|x86.Build.0 = RelWithDebInfo|x64
		{A1E1D3E9-7B15-3249-979B-51401699D3D3}.Development|x64.ActiveCfg = Debug|x64
		{A1E1D3E9-7B15-3249-979B-51401699D3D3}.Development|x64.Build.0 = Debug|x64
		{A1E1D3E9-7B15-3249-979B-51401699D3D3}.Development|x86.ActiveCfg = RelWithDebInfo|x64
		{A1E1D3E9-7B15-3249-979B-51401699D3D3}.Development|x86.Build.0 = RelWithDebInfo|x64
		{A1E1D3E9-7B15-3249-979B-51401699D3D3}.MinSizeRel|x64.ActiveCfg = MinSizeRel|x64
		{A1E1D3E9-7B15-3249-979B-51401699D3D3}.MinSizeRel|x64.Build.0 = MinSizeRel|x64
		{A1E1D3E9-7B15-3249-979B-51401699D3D3}.MinSizeRel|x86.ActiveCfg = MinSizeRel|x64
		{A1E1D3E9-7B15-3249-979B-51401699D3D3}.Release|x64.ActiveCfg = Release|x64
		{A1E1D3E9-7B15-3249-979B-51401699D3D3}.Release|x64.Build.0 = Release|x64
		{A1E1D3E9-7B15-3249-979B-51401699D3D3}.Release|x86.ActiveCfg = Release|x64
		{A1E1D3E9-7B15-3249-979B-51401699D3D3}.RelWithDebInfo|x64.ActiveCfg = RelWithDebInfo|x64
		{A1E1D3E9-7B15-3249-979B-51401699D3D3}.RelWithDebInfo|x64.Build.0 = RelWithDebInfo|x64
		{A1E1D3E9-7B15-3249-979B-51401699D3D3}.RelWithDebInfo|x86.ActiveCfg = RelWithDebInfo|x64
		{A1E1D3E9-7B15-3249-979B-51401699D3D3}.Shipping|x64.ActiveCfg = RelWithDebInfo|x64
		{A1E1D3E9-7B15-3249-979B-51401699D3D3}.Shipping|x64.Build.0 = RelWithDebInfo|x64
		{A1E1D3E9-7B15-3249-979B-51401699D3D3}.Shipping|x86.ActiveCfg = RelWithDebInfo|x64
		{A1E1D3E9-7B15-3249-979B-51401699D3D3}.Shipping|x86.Build.0 = RelWithDebInfo|x64
		{0022C298-A268-3C9E-B732-C1DE22BB1FA1}.Debug|x64.ActiveCfg = Debug|x64
		{0022C298-A268-3C9E-B732-C1DE22BB1FA1}.Debug|x64.Build.0 = Debug|x64
		{0022C298-A268-3C9E-B732-C1DE22BB1FA1}.Debug|x86.ActiveCfg = Debug|x64
		{0022C298-A268-3C9E-B732-C1DE22BB1FA1}.DebugGame_Editor|x64.ActiveCfg = Debug|x64
		{0022C298-A268-3C9E-B732-C1DE22BB1FA1}.DebugGame_Editor|x64.Build.0 = Debug|x64
		{0022C298-A268-3C9E-B732-C1DE22BB1FA1}.DebugGame_Editor|x86.ActiveCfg = RelWithDebInfo|x64
		{0022C298-A268-3C9E-B732-C1DE22BB1FA1}.DebugGame_Editor|x86.Build.0 = RelWithDebInfo|x64
		{0022C298-A268-3C9E-B732-C1DE22BB1FA1}.DebugGame|x64.ActiveCfg = Debug|x64
		{0022C298-A268-3C9E-B732-C1DE22BB1FA1}.DebugGame|x64.Build.0 = Debug|x64
		{0022C298-A268-3C9E-B732-C1DE22BB1FA1}.DebugGame|x86.ActiveCfg = RelWithDebInfo|x64
		{0022C298-A268-3C9E-B732-C1DE22BB1FA1}.DebugGame|x86.Build.0 = RelWithDebInfo|x64
		{0022C298-A268-3C9E-B732-C1DE22BB1FA1}.Development_Editor|x64.ActiveCfg = Debug|x64
		{0022C298-A268-3C9E-B732-C1DE22BB1FA1}.Development_Editor|x64.Build.0 = Debug|x64
		{0022C298-A268-3C9E-B732-C1DE22BB1FA1}.Development_Editor|x86.ActiveCfg = RelWithDebInfo|x64
		{0022C298-A268-3C9E-B732-C1DE22BB1FA1}.Development_Editor|x86.Build.0 = RelWithDebInfo|x64
		{0022C298-A268-3C9E-B732-C1DE22BB1FA1}.Development|x64.ActiveCfg = Debug|x64
		{0022C298-A268-3C9E-B732-C1DE22BB1FA1}.Development|x64.Build.0 = Debug|x64
		{0022C298-A268-3C9E-B732-C1DE22BB1FA1}.Development|x86.ActiveCfg = RelWithDebInfo|x64
		{0022C298-A268-3C9E-B732-C1DE22BB1FA1}.Development|x86.Build.0 = RelWithDebInfo|x64
		{0022C298-A268-3C9E-B732-C1DE22BB1FA1}.MinSizeRel|x64.ActiveCfg = MinSizeRel|x64
		{0022C298-A268-3C9E-B732-C1DE22BB1FA1}.MinSizeRel|x64.Build.0 = MinSizeRel|x64
		{0022C298-A268-3C9E-B732-C1DE22BB1FA1}.MinSizeRel|x86.ActiveCfg = MinSizeRel|x64
		{0022C298-A268-3C9E-B732-C1DE22BB1FA1}.Release|x64.ActiveCfg = Release|x64
		{0022C298-A268-3C9E-B732-C1DE22BB1FA1}.Release|x64.Build.0 = Release|x64
		{0022C298-A268-3C9E-B732-C1DE22BB1FA1}.Release|x86.ActiveCfg = Release|x64
		{0022C298-A268-3C9E-B732-C1DE22BB1FA1}.RelWithDebInfo|x64.ActiveCfg = RelWithDebInfo|x64
		{0022C298-A268-3C9E-B732-C1DE22BB1FA1}.RelWithDebInfo|x64.Build.0 = RelWithDebInfo|x64
		{0022C298-A268-3C9E-B732-C1DE22BB1FA1}.RelWithDebInfo|x86.ActiveCfg = RelWithDebInfo|x64
		{0022C298-A268-3C9E-B732-C1DE22BB1FA1}.Shipping|x64.ActiveCfg = RelWithDebInfo|x64
		{0022C298-A268-3C9E-B732-C1DE22BB1FA1}.Shipping|x64.Build.0 = RelWithDebInfo|x64
		{0022C298-A268-3C9E-B732-C1DE22BB1FA1}.Shipping|x86.ActiveCfg = RelWithDebInfo|x64
		{0022C298-A268-3C9E-B732-C1DE22BB1FA1}.Shipping|x86.Build.0 = RelWithDebInfo|x64
		{296769C8-C648-3080-B991-8482C7665535}.Debug|x64.ActiveCfg = Debug|x64
		{296769C8-C648-3080-B991-8482C7665535}.Debug|x64.Build.0 = Debug|x64
		{296769C8-C648-3080-B991-8482C7665535}.Debug|x86.ActiveCfg = Debug|x64
		{296769C8-C648-3080-B991-8482C7665535}.DebugGame_Editor|x64.ActiveCfg = Debug|x64
		{296769C8-C648-3080-B991-8482C7665535}.DebugGame_Editor|x64.Build.0 = Debug|x64
		{296769C8-C648-3080-B991-8482C7665535}.DebugGame_Editor|x86.ActiveCfg = RelWithDebInfo|x64
		{296769C8-C648-3080-B991-8482C7665535}.DebugGame_Editor|x86.Build.0 = RelWithDebInfo|x64
		{296769C8-C648-3080-B991-8482C7665535}.DebugGame|x64.ActiveCfg = Debug|x64
		{296769C8-C648-3080-B991-8482C7665535}.DebugGame|x64.Build.0 = Debug|x64
		{296769C8-C648-3080-B991-8482C7665535}.DebugGame|x86.ActiveCfg = RelWithDebInfo|x64
		{296769C8-C648-3080-B991-8482C7665535}.DebugGame|x86.Build.0 = RelWithDebInfo|x64
		{296769C8-C648-3080-B991-8482C7665535}.Development_Editor|x64.ActiveCfg = Debug|x64
		{296769C8-C648-3080-B991-8482C7665535}.Development_Editor|x64.Build.0 = Debug|x64
		{296769C8-C648-3080-B991-8482C7665535}.Development_Editor|x86.ActiveCfg = RelWithDebInfo|x64
		{296769C8-C648-3080-B991-8482C7665535}.Development_Editor|x86.Build.0 = RelWithDebInfo|x64
		{296769C8-C648-3080-B991-8482C7665535}.Development|x64.ActiveCfg = Debug|x64
		{296769C8-C648-3080-B991-8482C7665535}.Development|x64.Build.0 = Debug|x64
		{296769C8-C648-3080-B991-8482C7665535}.Development|x86.ActiveCfg = RelWithDebInfo|x64
		{296769C8-C648-3080-B991-8482C7665535}.Development|x86.Build.0 = RelWithDebInfo|x64
		{296769C8-C648-3080-B991-8482C7665535}.MinSizeRel|x64.ActiveCfg = MinSizeRel|x64
		{296769C8-C648-3080-B991-8482C7665535}.MinSizeRel|x64.Build.0 = MinSizeRel|x64
		{296769C8-C648-3080-B991-8482C7665535}.MinSizeRel|x86.ActiveCfg = MinSizeRel|x64
		{296769C8-C648-3080-B991-8482C7665535}.Release|x64.ActiveCfg = Release|x64
		{296769C8-C648-3080-B991-8482C7665535}.Release|x64.Build.0 = Release|x64
		{296769C8-C648-3080-B991-8482C7665535}.Release|x86.ActiveCfg = Release|x64
		{296769C8-C648-3080-B991-8482C7665535}.RelWithDebInfo|x64.ActiveCfg = RelWithDebInfo|x64
		{296769C8-C648-3080-B991-8482C7665535}.RelWithDebInfo|x64.Build.0 = RelWithDebInfo|x64
		{296769C8-C648-3080-B991-8482C7665535}.RelWithDebInfo|x86.ActiveCfg = RelWithDebInfo|x64
		{296769C8-C648-3080-B991-8482C7665535}.Shipping|x64.ActiveCfg = RelWithDebInfo|x64
		{296769C8-C648-3080-B991-8482C7665535}.Shipping|x64.Build.0 = RelWithDebInfo|x64
		{296769C8-C648-3080-B991-8482C7665535}.Shipping|x86.ActiveCfg = RelWithDebInfo|x64
		{296769C8-C648-3080-B991-8482C7665535}.Shipping|x86.Build.0 = RelWithDebInfo|x64
		{4C46654B-DAF2-3EBA-96FF-763BB53A659A}.Debug|x64.ActiveCfg = Debug|x64
		{4C46654B-DAF2-3EBA-96FF-763BB53A659A}.Debug|x64.Build.0 = Debug|x64
		{4C46654B-DAF2-3EBA-96FF-763BB53A659A}.Debug|x86.ActiveCfg = Debug|x64
		{4C46654B-DAF2-3EBA-96FF-763BB53A659A}.DebugGame_Editor|x64.ActiveCfg = Debug|x64
		{4C46654B-DAF2-3EBA-96FF-763BB53A659A}.DebugGame_Editor|x64.Build.0 = Debug|x64
		{4C46654B-DAF2-3EBA-96FF-763BB53A659A}.DebugGame_Editor|x86.ActiveCfg = RelWithDebInfo|x64
		{4C46654B-DAF2-3EBA-96FF-763BB53A659A}.DebugGame_Editor|x86.Build.0 = RelWithDebInfo|x64
		{4C46654B-DAF2-3EBA-96FF-763BB53A659A}.DebugGame|x64.ActiveCfg = Debug|x64
		{4C46654B-DAF2-3EBA-96FF-763BB53A659A}.DebugGame|x64.Build.0 = Debug|x64
		{4C46654B-DAF2-3EBA-96FF-763BB53A659A}.DebugGame|x86.ActiveCfg = RelWithDebInfo|x64
		{4C46654B-DAF2-3EBA-96FF-763BB53A659A}.DebugGame|x86.Build.0 = RelWithDebInfo|x64
		{4C46654B-DAF2-3EBA-96FF-763BB53A659A}.Development_Editor|x64.ActiveCfg = Debug|x64
		{4C46654B-DAF2-3EBA-96FF-763BB53A659A}.Development_Editor|x64.Build.0 = Debug|x64
		{4C46654B-DAF2-3EBA-96FF-763BB53A659A}.Development_Editor|x86.ActiveCfg = RelWithDebInfo|x64
		{4C46654B-DAF2-3EBA-96FF-763BB53A659A}.Development_Editor|x86.Build.0 = RelWithDebInfo|x64
		{4C46654B-DAF2-3EBA-96FF-763BB53A659A}.Development|x64.ActiveCfg = Debug|x64
		{4C46654B-DAF2-3EBA-96FF-763BB53A659A}.Development|x64.Build.0 = Debug|x64
		{4C46654B-DAF2-3EBA-96FF-763BB53A659A}.Development|x86.ActiveCfg = RelWithDebInfo|x64
		{4C46654B-DAF2-3EBA-96FF-763BB53A659A}.Development|x86.Build.0 = RelWithDebInfo|x64
		{4C46654B-DAF2-3EBA-96FF-763BB53A659A}.MinSizeRel|x64.ActiveCfg = MinSizeRel|x64
		{4C46654B-DAF2-3EBA-96FF-763BB53A659A}.MinSizeRel|x64.Build.0 = MinSizeRel|x64
		{4C46654B-DAF2-3EBA-96FF-763BB53A659A}.MinSizeRel|x86.ActiveCfg = MinSizeRel|x64
		{4C46654B-DAF2-3EBA-96FF-763BB53A659A}.Release|x64.ActiveCfg = Release|x64
		{4C46654B-DAF2-3EBA-96FF-763BB53A659A}.Release|x64.Build.0 = Release|x64
		{4C46654B-DAF2-3EBA-96FF-763BB53A659A}.Release|x86.ActiveCfg = Release|x64
		{4C46654B-DAF2-3EBA-96FF-763BB53A659A}.RelWithDebInfo|x64.ActiveCfg = RelWithDebInfo|x64
		{4C46654B-DAF2-3EBA-96FF-763BB53A659A}.RelWithDebInfo|x64.Build.0 = RelWithDebInfo|x64
		{4C46654B-DAF2-3EBA-96FF-763BB53A659A}.RelWithDebInfo|x86.ActiveCfg = RelWithDebInfo|x64
		{4C46654B-DAF2-3EBA-96FF-763BB53A659A}.Shipping|x64.ActiveCfg = RelWithDebInfo|x64
		{4C46654B-DAF2-3EBA-96FF-763BB53A659A}.Shipping|x64.Build.0 = RelWithDebInfo|x64
		{4C46654B-DAF2-3EBA-96FF-763BB53A659A}.Shipping|x86.ActiveCfg = RelWithDebInfo|x64
		{4C46654B-DAF2-3EBA-96FF-763BB53A659A}.Shipping|x86.Build.0 = RelWithDebInfo|x64
		{4625B20B-A8C9-4319-8589-26B41E7B4D74}.Debug|x64.ActiveCfg = DebugGame_Editor|x64
		{4625B20B-A8C9-4319-8589-26B41E7B4D74}.Debug|x64.Build.0 = DebugGame_Editor|x64
		{4625B20B-A8C9-4319-8589-26B41E7B4D74}.Debug|x86.ActiveCfg = DebugGame|Win32
		{4625B20B-A8C9-4319-8589-26B41E7B4D74}.Debug|x86.Build.0 = DebugGame|Win32
		{4625B20B-A8C9-4319-8589-26B41E7B4D74}.DebugGame_Editor|x64.ActiveCfg = DebugGame_Editor|x64
		{4625B20B-A8C9-4319-8589-26B41E7B4D74}.DebugGame_Editor|x64.Build.0 = DebugGame_Editor|x64
		{4625B20B-A8C9-4319-8589-26B41E7B4D74}.DebugGame_Editor|x86.ActiveCfg = DebugGame_Editor|Win32
		{4625B20B-A8C9-4319-8589-26B41E7B4D74}.DebugGame_Editor|x86.Build.0 = DebugGame_Editor|Win32
		{4625B20B-A8C9-4319-8589-26B41E7B4D74}.DebugGame|x64.ActiveCfg = DebugGame|x64
		{4625B20B-A8C9-4319-8589-26B41E7B4D74}.DebugGame|x64.Build.0 = DebugGame|x64
		{4625B20B-A8C9-4319-8589-26B41E7B4D74}.DebugGame|x86.ActiveCfg = DebugGame|Win32
		{4625B20B-A8C9-4319-8589-26B41E7B4D74}.DebugGame|x86.Build.0 = DebugGame|Win32
		{4625B20B-A8C9-4319-8589-26B41E7B4D74}.Development_Editor|x64.ActiveCfg = Development_Editor|x64
		{4625B20B-A8C9-4319-8589-26B41E7B4D74}.Development_Editor|x64.Build.0 = Development_Editor|x64
		{4625B20B-A8C9-4319-8589-26B41E7B4D74}.Development_Editor|x86.ActiveCfg = Development_Editor|Win32
		{4625B20B-A8C9-4319-8589-26B41E7B4D74}.Development_Editor|x86.Build.0 = Development_Editor|Win32
		{4625B20B-A8C9-4319-8589-26B41E7B4D74}.Development|x64.ActiveCfg = Development|x64
		{4625B20B-A8C9-4319-8589-26B41E7B4D74}.Development|x64.Build.0 = Development|x64
		{4625B20B-A8C9-4319-8589-26B41E7B4D74}.Development|x86.ActiveCfg = Development|Win32
		{4625B20B-A8C9-4319-8589-26B41E7B4D74}.Development|x86.Build.0 = Development|Win32
		{4625B20B-A8C9-4319-8589-26B41E7B4D74}.MinSizeRel|x64.ActiveCfg = Development|x64
		{4625B20B-A8C9-4319-8589-26B41E7B4D74}.MinSizeRel|x64.Build.0 = Development|x64
		{4625B20B-A8C9-4319-8589-26B41E7B4D74}.MinSizeRel|x86.ActiveCfg = Development|Win32
		{4625B20B-A8C9-4319-8589-26B41E7B4D74}.MinSizeRel|x86.Build.0 = Development|Win32
		{4625B20B-A8C9-4319-8589-26B41E7B4D74}.Release|x64.ActiveCfg = Development|x64
		{4625B20B-A8C9-4319-8589-26B41E7B4D74}.Release|x64.Build.0 = Development|x64
		{4625B20B-A8C9-4319-8589-26B41E7B4D74}.Release|x86.ActiveCfg = Development|Win32
		{4625B20B-A8C9-4319-8589-26B41E7B4D74}.Release|x86.Build.0 = Development|Win32
		{4625B20B-A8C9-4319-8589-26B41E7B4D74}.RelWithDebInfo|x64.ActiveCfg = Development|x64
		{4625B20B-A8C9-4319-8589-26B41E7B4D74}.RelWithDebInfo|x64.Build.0 = Development|x64
		{4625B20B-A8C9-4319-8589-26B41E7B4D74}.RelWithDebInfo|x86.ActiveCfg = Development|Win32
		{4625B20B-A8C9-4319-8589-26B41E7B4D74}.RelWithDebInfo|x86.Build.0 = Development|Win32
		{4625B20B-A8C9-4319-8589-26B41E7B4D74}.Shipping|x64.ActiveCfg = Shipping|x64
		{4625B20B-A8C9-4319-8589-26B41E7B4D74}.Shipping|x64.Build.0 = Shipping|x64
		{4625B20B-A8C9-4319-8589-26B41E7B4D74}.Shipping|x86.ActiveCfg = Shipping|Win32
		{4625B20B-A8C9-4319-8589-26B41E7B4D74}.Shipping|x86.Build.0 = Shipping|Win32
	EndGlobalSection
	GlobalSection(SolutionProperties) = preSolution
		HideSolutionNode = FALSE
	EndGlobalSection
	GlobalSection(ExtensibilityGlobals) = postSolution
		SolutionGuid = {9BA928F4-35F8-30EA-BB04-5CFEC0017FA2}
	EndGlobalSection
EndGlobal
