<?xml version="1.0" encoding="utf-8"?>
<Project ToolsVersion="15.0" xmlns="http://schemas.microsoft.com/developer/msbuild/2003">
  <ItemGroup>
    <ClCompile Include="C:\Users\Mathew\unrealProjects\hIK\tester_unreal_blank\Externals\bvh_posture_reset\demos\simple_demo\main.cpp">
      <Filter>Source Files</Filter>
    </ClCompile>
  </ItemGroup>
  <ItemGroup>
    <CustomBuild Include="C:\Users\Mathew\unrealProjects\hIK\tester_unreal_blank\Externals\bvh_posture_reset\demos\simple_demo\CMakeLists.txt" />
  </ItemGroup>
  <ItemGroup>
    <Filter Include="Source Files">
      <UniqueIdentifier>{5D24AEC2-6DEC-36B9-BB47-449A16464C48}</UniqueIdentifier>
    </Filter>
  </ItemGroup>
</Project>
