<?xml version="1.0" encoding="utf-8"?>
<Project ToolsVersion="15.0" xmlns="http://schemas.microsoft.com/developer/msbuild/2003">
  <ItemGroup>
    <CustomBuild Include="C:\Users\Mathew\unrealProjects\hIK\Externals\bvh_posture_reset\vs_win\CMakeFiles\29705a32ab2f67357e46017d3cdcf19b\INSTALL_force.rule">
      <Filter>CMake Rules</Filter>
    </CustomBuild>
  </ItemGroup>
  <ItemGroup>
    <Filter Include="CMake Rules">
      <UniqueIdentifier>{09E37516-CC19-33D0-A374-0847ACF0EDD7}</UniqueIdentifier>
    </Filter>
  </ItemGroup>
</Project>
