<?xml version="1.0" encoding="utf-8"?>
<Project ToolsVersion="15.0" xmlns="http://schemas.microsoft.com/developer/msbuild/2003">
  <ItemGroup>
    <ClCompile Include="C:\Users\Mathew\unrealProjects\hIK\Externals\bvh_posture_reset\vs_win\demos\visual_demo\visual_demo_autogen\mocs_compilation.cpp">
      <Filter>Source Files</Filter>
    </ClCompile>
    <ClCompile Include="C:\Users\Mathew\unrealProjects\hIK\Externals\bvh_posture_reset\demos\visual_demo\Widget.cpp">
      <Filter>Source Files</Filter>
    </ClCompile>
    <ClCompile Include="C:\Users\Mathew\unrealProjects\hIK\Externals\bvh_posture_reset\demos\visual_demo\main.cpp">
      <Filter>Source Files</Filter>
    </ClCompile>
  </ItemGroup>
  <ItemGroup>
    <ClInclude Include="C:\Users\Mathew\unrealProjects\hIK\Externals\bvh_posture_reset\demos\visual_demo\Widget.hpp">
      <Filter>Header Files</Filter>
    </ClInclude>
  </ItemGroup>
  <ItemGroup>
    <CustomBuild Include="C:\Users\Mathew\unrealProjects\hIK\Externals\bvh_posture_reset\demos\visual_demo\CMakeLists.txt" />
  </ItemGroup>
  <ItemGroup>
    <Filter Include="Header Files">
      <UniqueIdentifier>{06C22EC3-E41A-3621-BEEA-D844EBC5906C}</UniqueIdentifier>
    </Filter>
    <Filter Include="Source Files">
      <UniqueIdentifier>{7F61CA99-2FEA-3534-863B-38C6C165D902}</UniqueIdentifier>
    </Filter>
  </ItemGroup>
</Project>
